// !$*UTF8*$!
{
	archiveVersion = 1;
	classes = {
	};
	objectVersion = 51;
	objects = {

/* Begin PBXBuildFile section */
		083AB45665D3B4D17BD51FDC /* CoreInjector.framework in Embed Frameworks */ = {isa = PBXBuildFile; fileRef = 81A09B61B1B4A3C5D1972FA6 /* CoreInjector.framework */; settings = {ATTRIBUTES = (CodeSignOnCopy, RemoveHeadersOnCopy, ); }; };
		0B0A0D9C760B06B15D66FAF0 /* CoreNetworking.framework in Frameworks */ = {isa = PBXBuildFile; fileRef = B631DD3A46D767CAE362DBA9 /* CoreNetworking.framework */; };
		2B2CA2E2E74B0DA6EEBCD993 /* JAuthentication.framework in Embed Frameworks */ = {isa = PBXBuildFile; fileRef = 10381B3A5AFC491573225563 /* JAuthentication.framework */; settings = {ATTRIBUTES = (CodeSignOnCopy, RemoveHeadersOnCopy, ); }; };
		30D8EE175E9668269C903FA4 /* Assets.xcassets in Resources */ = {isa = PBXBuildFile; fileRef = 46BADB44E9F67D7695EF8DB2 /* Assets.xcassets */; };
		3C0BA1E773E36AF9954DECAE /* CoreEnvironment.framework in Embed Frameworks */ = {isa = PBXBuildFile; fileRef = DE7B87E14D37FB726EB39065 /* CoreEnvironment.framework */; settings = {ATTRIBUTES = (CodeSignOnCopy, RemoveHeadersOnCopy, ); }; };
		4921E14F66BE6EF27BC22E4E /* CoreEnvironment.framework in Frameworks */ = {isa = PBXBuildFile; fileRef = DE7B87E14D37FB726EB39065 /* CoreEnvironment.framework */; };
		569162EAA7CC3BA37A611F26 /* CoreInjector.framework in Frameworks */ = {isa = PBXBuildFile; fileRef = 81A09B61B1B4A3C5D1972FA6 /* CoreInjector.framework */; };
		6DE91AD32F7FE5EF18753122 /* CoreNetworking.framework in Embed Frameworks */ = {isa = PBXBuildFile; fileRef = B631DD3A46D767CAE362DBA9 /* CoreNetworking.framework */; settings = {ATTRIBUTES = (CodeSignOnCopy, RemoveHeadersOnCopy, ); }; };
		78FD4A5E8D5A30579069BBBF /* JAuthentication.framework in Frameworks */ = {isa = PBXBuildFile; fileRef = 10381B3A5AFC491573225563 /* JAuthentication.framework */; };
		7C25946CA6C274A74AB36074 /* CoreAdapters.framework in Embed Frameworks */ = {isa = PBXBuildFile; fileRef = F538E9E90A6D772E40A48F88 /* CoreAdapters.framework */; settings = {ATTRIBUTES = (CodeSignOnCopy, RemoveHeadersOnCopy, ); }; };
		832F90C6E3B4B97EEE03CADA /* UI.framework in Embed Frameworks */ = {isa = PBXBuildFile; fileRef = 5110D5CF7DB426C31025BAA6 /* UI.framework */; settings = {ATTRIBUTES = (CodeSignOnCopy, RemoveHeadersOnCopy, ); }; };
		87460665F0B04CB6EDB3D9F4 /* CoreAuthentication.framework in Frameworks */ = {isa = PBXBuildFile; fileRef = 12F1A8BD8583ACAE08655650 /* CoreAuthentication.framework */; };
		8F23D1E718B77AF1F2344E66 /* CoreAdapters.framework in Frameworks */ = {isa = PBXBuildFile; fileRef = F538E9E90A6D772E40A48F88 /* CoreAdapters.framework */; };
		AD5AE0DFAD1D960AA98BE1C9 /* LearningJourneyApp.swift in Sources */ = {isa = PBXBuildFile; fileRef = 1A0E85978F22388F4C17BEDE /* LearningJourneyApp.swift */; };
		B5813D0C3451D2A1E828FCF0 /* LearningJourneyTests.swift in Sources */ = {isa = PBXBuildFile; fileRef = 7739829D86A76F3DAEA39438 /* LearningJourneyTests.swift */; };
		D652E5E64A39D59623894D2F /* JLibrary.framework in Frameworks */ = {isa = PBXBuildFile; fileRef = 70B080E6F04E5C1718B5DF7F /* JLibrary.framework */; };
		DB44E82A20EF647189B008A5 /* JLibrary.framework in Embed Frameworks */ = {isa = PBXBuildFile; fileRef = 70B080E6F04E5C1718B5DF7F /* JLibrary.framework */; settings = {ATTRIBUTES = (CodeSignOnCopy, RemoveHeadersOnCopy, ); }; };
		E309829552224DA91BE922EB /* Preview Assets.xcassets in Resources */ = {isa = PBXBuildFile; fileRef = E237FAC78E05E35AA9DE6B6A /* Preview Assets.xcassets */; };
		ED72CFD7DA5A9B38440D92E6 /* CoreAuthentication.framework in Embed Frameworks */ = {isa = PBXBuildFile; fileRef = 12F1A8BD8583ACAE08655650 /* CoreAuthentication.framework */; settings = {ATTRIBUTES = (CodeSignOnCopy, RemoveHeadersOnCopy, ); }; };
		F74EDD004A8077C9821A850C /* UI.framework in Frameworks */ = {isa = PBXBuildFile; fileRef = 5110D5CF7DB426C31025BAA6 /* UI.framework */; };
/* End PBXBuildFile section */

/* Begin PBXContainerItemProxy section */
		B170167026BAF374000EBE45 /* PBXContainerItemProxy */ = {
			isa = PBXContainerItemProxy;
			containerPortal = 32B6B19E6F4B37D8F923FD8B /* CoreAdapters */;
			proxyType = 2;
			remoteGlobalIDString = 54CC0B192D7ACA0801E83B65;
			remoteInfo = CoreAdapters;
		};
		B170167226BAF374000EBE45 /* PBXContainerItemProxy */ = {
			isa = PBXContainerItemProxy;
			containerPortal = 32B6B19E6F4B37D8F923FD8B /* CoreAdapters */;
			proxyType = 2;
			remoteGlobalIDString = 21EE9B7ADAA30EA4EF9F08FD;
			remoteInfo = CoreAdaptersSample;
		};
		B170167426BAF374000EBE45 /* PBXContainerItemProxy */ = {
			isa = PBXContainerItemProxy;
			containerPortal = 32B6B19E6F4B37D8F923FD8B /* CoreAdapters */;
			proxyType = 2;
			remoteGlobalIDString = 5783F346047A030B1F5BDEAD;
			remoteInfo = CoreAdaptersTests;
		};
		B170167926BAF374000EBE45 /* PBXContainerItemProxy */ = {
			isa = PBXContainerItemProxy;
			containerPortal = 76828952D8EC987598D324A7 /* CoreAuthentication */;
			proxyType = 2;
			remoteGlobalIDString = 2E40C2EFCB0B82E99FC627B4;
			remoteInfo = CoreAuthentication;
		};
		B170167B26BAF374000EBE45 /* PBXContainerItemProxy */ = {
			isa = PBXContainerItemProxy;
			containerPortal = 76828952D8EC987598D324A7 /* CoreAuthentication */;
			proxyType = 2;
			remoteGlobalIDString = E90DE6F69648146F9CACD8DF;
			remoteInfo = CoreAuthenticationSample;
		};
		B170167D26BAF374000EBE45 /* PBXContainerItemProxy */ = {
			isa = PBXContainerItemProxy;
			containerPortal = 76828952D8EC987598D324A7 /* CoreAuthentication */;
			proxyType = 2;
			remoteGlobalIDString = FF9D7A962DF74FAA03049BEA;
			remoteInfo = CoreAuthenticationTests;
		};
		B170168226BAF374000EBE45 /* PBXContainerItemProxy */ = {
			isa = PBXContainerItemProxy;
			containerPortal = 9AA20D2118B0DE86AFDC76E5 /* CoreEnvironment */;
			proxyType = 2;
			remoteGlobalIDString = 298C1BFAE5ECA00A78462D0C;
			remoteInfo = CoreEnvironment;
		};
		B170168426BAF374000EBE45 /* PBXContainerItemProxy */ = {
			isa = PBXContainerItemProxy;
			containerPortal = 9AA20D2118B0DE86AFDC76E5 /* CoreEnvironment */;
			proxyType = 2;
			remoteGlobalIDString = 5834F95F912BDD5024A6D0C6;
			remoteInfo = CoreEnvironmentSample;
		};
		B170168626BAF374000EBE45 /* PBXContainerItemProxy */ = {
			isa = PBXContainerItemProxy;
			containerPortal = 9AA20D2118B0DE86AFDC76E5 /* CoreEnvironment */;
			proxyType = 2;
			remoteGlobalIDString = 0AC7D0338BF79649E70776CA;
			remoteInfo = CoreEnvironmentTests;
		};
		B170168B26BAF374000EBE45 /* PBXContainerItemProxy */ = {
			isa = PBXContainerItemProxy;
			containerPortal = 17DEB6213003DB9D9E7D7BF2 /* CoreInjector */;
			proxyType = 2;
			remoteGlobalIDString = CBC0BAE78BD01BFDCC2DF610;
			remoteInfo = CoreInjector;
		};
		B170168D26BAF374000EBE45 /* PBXContainerItemProxy */ = {
			isa = PBXContainerItemProxy;
			containerPortal = 17DEB6213003DB9D9E7D7BF2 /* CoreInjector */;
			proxyType = 2;
			remoteGlobalIDString = 93FAC1968887F5E28FC4F25D;
			remoteInfo = CoreInjectorSample;
		};
		B170168F26BAF374000EBE45 /* PBXContainerItemProxy */ = {
			isa = PBXContainerItemProxy;
			containerPortal = 17DEB6213003DB9D9E7D7BF2 /* CoreInjector */;
			proxyType = 2;
			remoteGlobalIDString = 3A1D7E146AFD8F2645BBB00B;
			remoteInfo = CoreInjectorTests;
		};
		B170169426BAF374000EBE45 /* PBXContainerItemProxy */ = {
			isa = PBXContainerItemProxy;
			containerPortal = C53B07155153A41FDEB33696 /* CoreNetworking */;
			proxyType = 2;
			remoteGlobalIDString = CD79B4D3C232AAFD99136BD8;
			remoteInfo = CoreNetworking;
		};
		B170169626BAF374000EBE45 /* PBXContainerItemProxy */ = {
			isa = PBXContainerItemProxy;
			containerPortal = C53B07155153A41FDEB33696 /* CoreNetworking */;
			proxyType = 2;
			remoteGlobalIDString = 6FC0BC2C4A1505340892495F;
			remoteInfo = CoreNetworkingSample;
		};
		B170169826BAF374000EBE45 /* PBXContainerItemProxy */ = {
			isa = PBXContainerItemProxy;
			containerPortal = C53B07155153A41FDEB33696 /* CoreNetworking */;
			proxyType = 2;
			remoteGlobalIDString = D94BFAEC14C9035783AE2CAE;
			remoteInfo = CoreNetworkingTests;
		};
		B170169D26BAF374000EBE45 /* PBXContainerItemProxy */ = {
			isa = PBXContainerItemProxy;
			containerPortal = 43F314B7C76FB95EE6CAC5A6 /* JAuthentication */;
			proxyType = 2;
			remoteGlobalIDString = 803A7D863F93CAB64C40A0D2;
			remoteInfo = JAuthentication;
		};
		B170169F26BAF374000EBE45 /* PBXContainerItemProxy */ = {
			isa = PBXContainerItemProxy;
			containerPortal = 43F314B7C76FB95EE6CAC5A6 /* JAuthentication */;
			proxyType = 2;
			remoteGlobalIDString = F672BFB013BCC00A4CB72BE8;
			remoteInfo = JAuthenticationSample;
		};
		B17016A126BAF374000EBE45 /* PBXContainerItemProxy */ = {
			isa = PBXContainerItemProxy;
			containerPortal = 43F314B7C76FB95EE6CAC5A6 /* JAuthentication */;
			proxyType = 2;
			remoteGlobalIDString = DB8AEF416B158BD59670F701;
			remoteInfo = JAuthenticationTests;
		};
		B17016A626BAF374000EBE45 /* PBXContainerItemProxy */ = {
			isa = PBXContainerItemProxy;
			containerPortal = C4D318D1D3282101AA99E51B /* JLibrary */;
			proxyType = 2;
			remoteGlobalIDString = 47F5BCF9BB27DCE920298143;
			remoteInfo = JLibrary;
		};
		B17016A826BAF374000EBE45 /* PBXContainerItemProxy */ = {
			isa = PBXContainerItemProxy;
			containerPortal = C4D318D1D3282101AA99E51B /* JLibrary */;
			proxyType = 2;
			remoteGlobalIDString = 024F09E1A87849FBD56A1ABC;
			remoteInfo = JLibrarySample;
		};
		B17016AA26BAF374000EBE45 /* PBXContainerItemProxy */ = {
			isa = PBXContainerItemProxy;
			containerPortal = C4D318D1D3282101AA99E51B /* JLibrary */;
			proxyType = 2;
			remoteGlobalIDString = C6896474F7BA8D28338CF915;
			remoteInfo = JLibraryTests;
		};
		B17016AF26BAF374000EBE45 /* PBXContainerItemProxy */ = {
			isa = PBXContainerItemProxy;
			containerPortal = 58F6D68A925B8FF5073F4347 /* UI */;
			proxyType = 2;
			remoteGlobalIDString = 299F893EA0E102E226A63030;
			remoteInfo = UI;
		};
		B17016B126BAF374000EBE45 /* PBXContainerItemProxy */ = {
			isa = PBXContainerItemProxy;
			containerPortal = 58F6D68A925B8FF5073F4347 /* UI */;
			proxyType = 2;
			remoteGlobalIDString = 67C03B8FFABBCE2B5A192209;
			remoteInfo = UISample;
		};
		B17016B326BAF374000EBE45 /* PBXContainerItemProxy */ = {
			isa = PBXContainerItemProxy;
			containerPortal = 58F6D68A925B8FF5073F4347 /* UI */;
			proxyType = 2;
			remoteGlobalIDString = FB51471D2071039EBA6BCFD8;
			remoteInfo = UITests;
		};
		FE6FDB747A81BF35DCD6ED15 /* PBXContainerItemProxy */ = {
			isa = PBXContainerItemProxy;
			containerPortal = 24316B04DF2E455AD6B76C56 /* Project object */;
			proxyType = 1;
			remoteGlobalIDString = 857C757B548F562BDD40231A;
			remoteInfo = LearningJourney;
		};
/* End PBXContainerItemProxy section */

/* Begin PBXCopyFilesBuildPhase section */
		B8A70C89BE29E4F47C1AEA2D /* Embed Frameworks */ = {
			isa = PBXCopyFilesBuildPhase;
			buildActionMask = 8;
			dstPath = "";
			dstSubfolderSpec = 10;
			files = (
				7C25946CA6C274A74AB36074 /* CoreAdapters.framework in Embed Frameworks */,
				ED72CFD7DA5A9B38440D92E6 /* CoreAuthentication.framework in Embed Frameworks */,
				3C0BA1E773E36AF9954DECAE /* CoreEnvironment.framework in Embed Frameworks */,
				083AB45665D3B4D17BD51FDC /* CoreInjector.framework in Embed Frameworks */,
				6DE91AD32F7FE5EF18753122 /* CoreNetworking.framework in Embed Frameworks */,
				832F90C6E3B4B97EEE03CADA /* UI.framework in Embed Frameworks */,
				2B2CA2E2E74B0DA6EEBCD993 /* JAuthentication.framework in Embed Frameworks */,
				DB44E82A20EF647189B008A5 /* JLibrary.framework in Embed Frameworks */,
			);
			name = "Embed Frameworks";
			runOnlyForDeploymentPostprocessing = 1;
		};
/* End PBXCopyFilesBuildPhase section */

/* Begin PBXFileReference section */
		10381B3A5AFC491573225563 /* JAuthentication.framework */ = {isa = PBXFileReference; lastKnownFileType = wrapper.framework; path = JAuthentication.framework; sourceTree = "<group>"; };
		12F1A8BD8583ACAE08655650 /* CoreAuthentication.framework */ = {isa = PBXFileReference; lastKnownFileType = wrapper.framework; path = CoreAuthentication.framework; sourceTree = "<group>"; };
		17DEB6213003DB9D9E7D7BF2 /* CoreInjector */ = {isa = PBXFileReference; lastKnownFileType = "wrapper.pb-project"; name = CoreInjector; path = ../Modules/Core/CoreInjector/CoreInjector.xcodeproj; sourceTree = "<group>"; };
		1A0E85978F22388F4C17BEDE /* LearningJourneyApp.swift */ = {isa = PBXFileReference; lastKnownFileType = sourcecode.swift; path = LearningJourneyApp.swift; sourceTree = "<group>"; };
		32B6B19E6F4B37D8F923FD8B /* CoreAdapters */ = {isa = PBXFileReference; lastKnownFileType = "wrapper.pb-project"; name = CoreAdapters; path = ../Modules/Core/CoreAdapters/CoreAdapters.xcodeproj; sourceTree = "<group>"; };
		43F314B7C76FB95EE6CAC5A6 /* JAuthentication */ = {isa = PBXFileReference; lastKnownFileType = "wrapper.pb-project"; name = JAuthentication; path = ../Modules/Features/JAuthentication/JAuthentication.xcodeproj; sourceTree = "<group>"; };
		46BADB44E9F67D7695EF8DB2 /* Assets.xcassets */ = {isa = PBXFileReference; lastKnownFileType = folder.assetcatalog; path = Assets.xcassets; sourceTree = "<group>"; };
		4D7F73167372967B59CE7321 /* LearningJourney.app */ = {isa = PBXFileReference; explicitFileType = wrapper.application; includeInIndex = 0; path = LearningJourney.app; sourceTree = BUILT_PRODUCTS_DIR; };
		5110D5CF7DB426C31025BAA6 /* UI.framework */ = {isa = PBXFileReference; lastKnownFileType = wrapper.framework; path = UI.framework; sourceTree = "<group>"; };
		58F6D68A925B8FF5073F4347 /* UI */ = {isa = PBXFileReference; lastKnownFileType = "wrapper.pb-project"; name = UI; path = ../Modules/Core/UI/UI.xcodeproj; sourceTree = "<group>"; };
		70B080E6F04E5C1718B5DF7F /* JLibrary.framework */ = {isa = PBXFileReference; lastKnownFileType = wrapper.framework; path = JLibrary.framework; sourceTree = "<group>"; };
		76828952D8EC987598D324A7 /* CoreAuthentication */ = {isa = PBXFileReference; lastKnownFileType = "wrapper.pb-project"; name = CoreAuthentication; path = ../Modules/Core/CoreAuthentication/CoreAuthentication.xcodeproj; sourceTree = "<group>"; };
		771484940E4EDA900806D231 /* Info.plist */ = {isa = PBXFileReference; lastKnownFileType = text.plist; path = Info.plist; sourceTree = "<group>"; };
		7739829D86A76F3DAEA39438 /* LearningJourneyTests.swift */ = {isa = PBXFileReference; lastKnownFileType = sourcecode.swift; path = LearningJourneyTests.swift; sourceTree = "<group>"; };
		81A09B61B1B4A3C5D1972FA6 /* CoreInjector.framework */ = {isa = PBXFileReference; lastKnownFileType = wrapper.framework; path = CoreInjector.framework; sourceTree = "<group>"; };
		9AA20D2118B0DE86AFDC76E5 /* CoreEnvironment */ = {isa = PBXFileReference; lastKnownFileType = "wrapper.pb-project"; name = CoreEnvironment; path = ../Modules/Core/CoreEnvironment/CoreEnvironment.xcodeproj; sourceTree = "<group>"; };
		B631DD3A46D767CAE362DBA9 /* CoreNetworking.framework */ = {isa = PBXFileReference; lastKnownFileType = wrapper.framework; path = CoreNetworking.framework; sourceTree = "<group>"; };
		C4D318D1D3282101AA99E51B /* JLibrary */ = {isa = PBXFileReference; lastKnownFileType = "wrapper.pb-project"; name = JLibrary; path = ../Modules/Features/JLibrary/JLibrary.xcodeproj; sourceTree = "<group>"; };
		C53B07155153A41FDEB33696 /* CoreNetworking */ = {isa = PBXFileReference; lastKnownFileType = "wrapper.pb-project"; name = CoreNetworking; path = ../Modules/Core/CoreNetworking/CoreNetworking.xcodeproj; sourceTree = "<group>"; };
		DE7B87E14D37FB726EB39065 /* CoreEnvironment.framework */ = {isa = PBXFileReference; lastKnownFileType = wrapper.framework; path = CoreEnvironment.framework; sourceTree = "<group>"; };
		E237FAC78E05E35AA9DE6B6A /* Preview Assets.xcassets */ = {isa = PBXFileReference; lastKnownFileType = folder.assetcatalog; path = "Preview Assets.xcassets"; sourceTree = "<group>"; };
		EB9A70794F162228CFF5EB1B /* LearningJourneyTests.xctest */ = {isa = PBXFileReference; includeInIndex = 0; lastKnownFileType = wrapper.cfbundle; path = LearningJourneyTests.xctest; sourceTree = BUILT_PRODUCTS_DIR; };
		EF720528892B954C8EDAE73B /* Info.plist */ = {isa = PBXFileReference; lastKnownFileType = text.plist; path = Info.plist; sourceTree = "<group>"; };
		F538E9E90A6D772E40A48F88 /* CoreAdapters.framework */ = {isa = PBXFileReference; lastKnownFileType = wrapper.framework; path = CoreAdapters.framework; sourceTree = "<group>"; };
		F9BBEA06BCF54B71377860BA /* LearningJourney.entitlements */ = {isa = PBXFileReference; lastKnownFileType = text.plist.entitlements; path = LearningJourney.entitlements; sourceTree = "<group>"; };
/* End PBXFileReference section */

/* Begin PBXFrameworksBuildPhase section */
		D682846E3E078C5CF8615D4F /* Frameworks */ = {
			isa = PBXFrameworksBuildPhase;
			buildActionMask = 2147483647;
			files = (
				8F23D1E718B77AF1F2344E66 /* CoreAdapters.framework in Frameworks */,
				87460665F0B04CB6EDB3D9F4 /* CoreAuthentication.framework in Frameworks */,
				4921E14F66BE6EF27BC22E4E /* CoreEnvironment.framework in Frameworks */,
				569162EAA7CC3BA37A611F26 /* CoreInjector.framework in Frameworks */,
				0B0A0D9C760B06B15D66FAF0 /* CoreNetworking.framework in Frameworks */,
				F74EDD004A8077C9821A850C /* UI.framework in Frameworks */,
				78FD4A5E8D5A30579069BBBF /* JAuthentication.framework in Frameworks */,
				D652E5E64A39D59623894D2F /* JLibrary.framework in Frameworks */,
			);
			runOnlyForDeploymentPostprocessing = 0;
		};
/* End PBXFrameworksBuildPhase section */

/* Begin PBXGroup section */
		07148048EBCA1AB9526023C3 /* LearningJourney */ = {
			isa = PBXGroup;
			children = (
				49961EA4B3DE9F9A9B30CF61 /* Resources */,
				FB5CCC821DBB558C79F37C8D /* Sources */,
			);
			path = LearningJourney;
			sourceTree = "<group>";
		};
		373CC249243C47C3CBDFDF43 /* Projects */ = {
			isa = PBXGroup;
			children = (
				32B6B19E6F4B37D8F923FD8B /* CoreAdapters */,
				76828952D8EC987598D324A7 /* CoreAuthentication */,
				9AA20D2118B0DE86AFDC76E5 /* CoreEnvironment */,
				17DEB6213003DB9D9E7D7BF2 /* CoreInjector */,
				C53B07155153A41FDEB33696 /* CoreNetworking */,
				43F314B7C76FB95EE6CAC5A6 /* JAuthentication */,
				C4D318D1D3282101AA99E51B /* JLibrary */,
				58F6D68A925B8FF5073F4347 /* UI */,
			);
			name = Projects;
			sourceTree = "<group>";
		};
		424EA8E285B60FCF0E444695 /* Products */ = {
			isa = PBXGroup;
			children = (
				B170169E26BAF374000EBE45 /* JAuthentication.framework */,
				B17016A026BAF374000EBE45 /* JAuthenticationSample.app */,
				B17016A226BAF374000EBE45 /* JAuthenticationTests.xctest */,
			);
			name = Products;
			sourceTree = "<group>";
		};
		49961EA4B3DE9F9A9B30CF61 /* Resources */ = {
			isa = PBXGroup;
			children = (
				46BADB44E9F67D7695EF8DB2 /* Assets.xcassets */,
				EF720528892B954C8EDAE73B /* Info.plist */,
				F9BBEA06BCF54B71377860BA /* LearningJourney.entitlements */,
				E237FAC78E05E35AA9DE6B6A /* Preview Assets.xcassets */,
			);
			path = Resources;
			sourceTree = "<group>";
		};
		4F6DB6F727A141AB8C0A09AC /* LearningJourneyTests */ = {
			isa = PBXGroup;
			children = (
				D44BD09A1600F3C32787F595 /* Resources */,
				5F72CB90CFB5AD7AB58A52CA /* Sources */,
			);
			path = LearningJourneyTests;
			sourceTree = "<group>";
		};
		5F72CB90CFB5AD7AB58A52CA /* Sources */ = {
			isa = PBXGroup;
			children = (
				7739829D86A76F3DAEA39438 /* LearningJourneyTests.swift */,
			);
			path = Sources;
			sourceTree = "<group>";
		};
		6DA9D50037C6CB35DFCE7901 /* Products */ = {
			isa = PBXGroup;
			children = (
				B170168C26BAF374000EBE45 /* CoreInjector.framework */,
				B170168E26BAF374000EBE45 /* CoreInjectorSample.app */,
				B170169026BAF374000EBE45 /* CoreInjectorTests.xctest */,
			);
			name = Products;
			sourceTree = "<group>";
		};
		7DAE75B035013557885A8AF1 /* Products */ = {
			isa = PBXGroup;
			children = (
				4D7F73167372967B59CE7321 /* LearningJourney.app */,
				EB9A70794F162228CFF5EB1B /* LearningJourneyTests.xctest */,
			);
			name = Products;
			sourceTree = "<group>";
		};
		7E191D9C9A26DE91615824D3 /* Products */ = {
			isa = PBXGroup;
			children = (
				B17016B026BAF374000EBE45 /* UI.framework */,
				B17016B226BAF374000EBE45 /* UISample.app */,
				B17016B426BAF374000EBE45 /* UITests.xctest */,
			);
			name = Products;
			sourceTree = "<group>";
		};
		84FF201BEFF0C983CA788820 = {
			isa = PBXGroup;
			children = (
				07148048EBCA1AB9526023C3 /* LearningJourney */,
				4F6DB6F727A141AB8C0A09AC /* LearningJourneyTests */,
				96B0BBA3241DABDBDA89004D /* Frameworks */,
				7DAE75B035013557885A8AF1 /* Products */,
				373CC249243C47C3CBDFDF43 /* Projects */,
			);
			sourceTree = "<group>";
		};
		96B0BBA3241DABDBDA89004D /* Frameworks */ = {
			isa = PBXGroup;
			children = (
				F538E9E90A6D772E40A48F88 /* CoreAdapters.framework */,
				12F1A8BD8583ACAE08655650 /* CoreAuthentication.framework */,
				DE7B87E14D37FB726EB39065 /* CoreEnvironment.framework */,
				81A09B61B1B4A3C5D1972FA6 /* CoreInjector.framework */,
				B631DD3A46D767CAE362DBA9 /* CoreNetworking.framework */,
				10381B3A5AFC491573225563 /* JAuthentication.framework */,
				70B080E6F04E5C1718B5DF7F /* JLibrary.framework */,
				5110D5CF7DB426C31025BAA6 /* UI.framework */,
			);
			name = Frameworks;
			sourceTree = "<group>";
		};
		A9E410C5BF97D3AB68FEC418 /* Products */ = {
			isa = PBXGroup;
			children = (
				B170167A26BAF374000EBE45 /* CoreAuthentication.framework */,
				B170167C26BAF374000EBE45 /* CoreAuthenticationSample.app */,
				B170167E26BAF374000EBE45 /* CoreAuthenticationTests.xctest */,
			);
			name = Products;
			sourceTree = "<group>";
		};
		AC67B8BDC60950580F803956 /* Products */ = {
			isa = PBXGroup;
			children = (
				B170168326BAF374000EBE45 /* CoreEnvironment.framework */,
				B170168526BAF374000EBE45 /* CoreEnvironmentSample.app */,
				B170168726BAF374000EBE45 /* CoreEnvironmentTests.xctest */,
			);
			name = Products;
			sourceTree = "<group>";
		};
		D44BD09A1600F3C32787F595 /* Resources */ = {
			isa = PBXGroup;
			children = (
				771484940E4EDA900806D231 /* Info.plist */,
			);
			path = Resources;
			sourceTree = "<group>";
		};
		DA71FF6B08C7B0D69274706A /* Products */ = {
			isa = PBXGroup;
			children = (
				B170169526BAF374000EBE45 /* CoreNetworking.framework */,
				B170169726BAF374000EBE45 /* CoreNetworkingSample.app */,
				B170169926BAF374000EBE45 /* CoreNetworkingTests.xctest */,
			);
			name = Products;
			sourceTree = "<group>";
		};
		DE7D4163528E4A7BB2B4B2CE /* Products */ = {
			isa = PBXGroup;
			children = (
				B170167126BAF374000EBE45 /* CoreAdapters.framework */,
				B170167326BAF374000EBE45 /* CoreAdaptersSample.app */,
				B170167526BAF374000EBE45 /* CoreAdaptersTests.xctest */,
			);
			name = Products;
			sourceTree = "<group>";
		};
		E8A0C03949FE97F9F2124790 /* Products */ = {
			isa = PBXGroup;
			children = (
				B17016A726BAF374000EBE45 /* JLibrary.framework */,
				B17016A926BAF374000EBE45 /* JLibrarySample.app */,
				B17016AB26BAF374000EBE45 /* JLibraryTests.xctest */,
			);
			name = Products;
			sourceTree = "<group>";
		};
		FB5CCC821DBB558C79F37C8D /* Sources */ = {
			isa = PBXGroup;
			children = (
				1A0E85978F22388F4C17BEDE /* LearningJourneyApp.swift */,
			);
			path = Sources;
			sourceTree = "<group>";
		};
/* End PBXGroup section */

/* Begin PBXNativeTarget section */
		6718223CC608ECA8393DEA9F /* LearningJourneyTests */ = {
			isa = PBXNativeTarget;
			buildConfigurationList = 5DDECB102FE19D9DD1074AC5 /* Build configuration list for PBXNativeTarget "LearningJourneyTests" */;
			buildPhases = (
				4353D1415E300C0487EE7FF9 /* Sources */,
			);
			buildRules = (
			);
			dependencies = (
				8294A097F577F74FD714989D /* PBXTargetDependency */,
			);
			name = LearningJourneyTests;
			productName = LearningJourneyTests;
			productReference = EB9A70794F162228CFF5EB1B /* LearningJourneyTests.xctest */;
			productType = "com.apple.product-type.bundle.unit-test";
		};
		857C757B548F562BDD40231A /* LearningJourney */ = {
			isa = PBXNativeTarget;
			buildConfigurationList = A4D9B3BEA395C3E0F85D539D /* Build configuration list for PBXNativeTarget "LearningJourney" */;
			buildPhases = (
				2D2C51A6659D477626E82B37 /* Sources */,
				5F53638CC4286388170BC0F0 /* Resources */,
				D682846E3E078C5CF8615D4F /* Frameworks */,
				B8A70C89BE29E4F47C1AEA2D /* Embed Frameworks */,
			);
			buildRules = (
			);
			dependencies = (
			);
			name = LearningJourney;
			productName = LearningJourney;
			productReference = 4D7F73167372967B59CE7321 /* LearningJourney.app */;
			productType = "com.apple.product-type.application";
		};
/* End PBXNativeTarget section */

/* Begin PBXProject section */
		24316B04DF2E455AD6B76C56 /* Project object */ = {
			isa = PBXProject;
			attributes = {
				LastUpgradeCheck = 1200;
			};
			buildConfigurationList = 0026FED6E7EE78721A351ED9 /* Build configuration list for PBXProject "LearningJourney" */;
			compatibilityVersion = "Xcode 10.0";
			developmentRegion = en;
			hasScannedForEncodings = 0;
			knownRegions = (
				Base,
				en,
			);
			mainGroup = 84FF201BEFF0C983CA788820;
			projectDirPath = "";
			projectReferences = (
				{
					ProductGroup = DE7D4163528E4A7BB2B4B2CE /* Products */;
					ProjectRef = 32B6B19E6F4B37D8F923FD8B /* CoreAdapters */;
				},
				{
					ProductGroup = A9E410C5BF97D3AB68FEC418 /* Products */;
					ProjectRef = 76828952D8EC987598D324A7 /* CoreAuthentication */;
				},
				{
					ProductGroup = AC67B8BDC60950580F803956 /* Products */;
					ProjectRef = 9AA20D2118B0DE86AFDC76E5 /* CoreEnvironment */;
				},
				{
					ProductGroup = 6DA9D50037C6CB35DFCE7901 /* Products */;
					ProjectRef = 17DEB6213003DB9D9E7D7BF2 /* CoreInjector */;
				},
				{
					ProductGroup = DA71FF6B08C7B0D69274706A /* Products */;
					ProjectRef = C53B07155153A41FDEB33696 /* CoreNetworking */;
				},
				{
					ProductGroup = 424EA8E285B60FCF0E444695 /* Products */;
					ProjectRef = 43F314B7C76FB95EE6CAC5A6 /* JAuthentication */;
				},
				{
					ProductGroup = E8A0C03949FE97F9F2124790 /* Products */;
					ProjectRef = C4D318D1D3282101AA99E51B /* JLibrary */;
				},
				{
					ProductGroup = 7E191D9C9A26DE91615824D3 /* Products */;
					ProjectRef = 58F6D68A925B8FF5073F4347 /* UI */;
				},
			);
			projectRoot = "";
			targets = (
				857C757B548F562BDD40231A /* LearningJourney */,
				6718223CC608ECA8393DEA9F /* LearningJourneyTests */,
			);
		};
/* End PBXProject section */

/* Begin PBXReferenceProxy section */
		B170167126BAF374000EBE45 /* CoreAdapters.framework */ = {
			isa = PBXReferenceProxy;
			fileType = wrapper.framework;
			path = CoreAdapters.framework;
			remoteRef = B170167026BAF374000EBE45 /* PBXContainerItemProxy */;
			sourceTree = BUILT_PRODUCTS_DIR;
		};
		B170167326BAF374000EBE45 /* CoreAdaptersSample.app */ = {
			isa = PBXReferenceProxy;
			fileType = wrapper.application;
			path = CoreAdaptersSample.app;
			remoteRef = B170167226BAF374000EBE45 /* PBXContainerItemProxy */;
			sourceTree = BUILT_PRODUCTS_DIR;
		};
		B170167526BAF374000EBE45 /* CoreAdaptersTests.xctest */ = {
			isa = PBXReferenceProxy;
			fileType = wrapper.cfbundle;
			path = CoreAdaptersTests.xctest;
			remoteRef = B170167426BAF374000EBE45 /* PBXContainerItemProxy */;
			sourceTree = BUILT_PRODUCTS_DIR;
		};
		B170167A26BAF374000EBE45 /* CoreAuthentication.framework */ = {
			isa = PBXReferenceProxy;
			fileType = wrapper.framework;
			path = CoreAuthentication.framework;
			remoteRef = B170167926BAF374000EBE45 /* PBXContainerItemProxy */;
			sourceTree = BUILT_PRODUCTS_DIR;
		};
		B170167C26BAF374000EBE45 /* CoreAuthenticationSample.app */ = {
			isa = PBXReferenceProxy;
			fileType = wrapper.application;
			path = CoreAuthenticationSample.app;
			remoteRef = B170167B26BAF374000EBE45 /* PBXContainerItemProxy */;
			sourceTree = BUILT_PRODUCTS_DIR;
		};
		B170167E26BAF374000EBE45 /* CoreAuthenticationTests.xctest */ = {
			isa = PBXReferenceProxy;
			fileType = wrapper.cfbundle;
			path = CoreAuthenticationTests.xctest;
			remoteRef = B170167D26BAF374000EBE45 /* PBXContainerItemProxy */;
			sourceTree = BUILT_PRODUCTS_DIR;
		};
		B170168326BAF374000EBE45 /* CoreEnvironment.framework */ = {
			isa = PBXReferenceProxy;
			fileType = wrapper.framework;
			path = CoreEnvironment.framework;
			remoteRef = B170168226BAF374000EBE45 /* PBXContainerItemProxy */;
			sourceTree = BUILT_PRODUCTS_DIR;
		};
		B170168526BAF374000EBE45 /* CoreEnvironmentSample.app */ = {
			isa = PBXReferenceProxy;
			fileType = wrapper.application;
			path = CoreEnvironmentSample.app;
			remoteRef = B170168426BAF374000EBE45 /* PBXContainerItemProxy */;
			sourceTree = BUILT_PRODUCTS_DIR;
		};
		B170168726BAF374000EBE45 /* CoreEnvironmentTests.xctest */ = {
			isa = PBXReferenceProxy;
			fileType = wrapper.cfbundle;
			path = CoreEnvironmentTests.xctest;
			remoteRef = B170168626BAF374000EBE45 /* PBXContainerItemProxy */;
			sourceTree = BUILT_PRODUCTS_DIR;
		};
		B170168C26BAF374000EBE45 /* CoreInjector.framework */ = {
			isa = PBXReferenceProxy;
			fileType = wrapper.framework;
			path = CoreInjector.framework;
			remoteRef = B170168B26BAF374000EBE45 /* PBXContainerItemProxy */;
			sourceTree = BUILT_PRODUCTS_DIR;
		};
		B170168E26BAF374000EBE45 /* CoreInjectorSample.app */ = {
			isa = PBXReferenceProxy;
			fileType = wrapper.application;
			path = CoreInjectorSample.app;
			remoteRef = B170168D26BAF374000EBE45 /* PBXContainerItemProxy */;
			sourceTree = BUILT_PRODUCTS_DIR;
		};
		B170169026BAF374000EBE45 /* CoreInjectorTests.xctest */ = {
			isa = PBXReferenceProxy;
			fileType = wrapper.cfbundle;
			path = CoreInjectorTests.xctest;
			remoteRef = B170168F26BAF374000EBE45 /* PBXContainerItemProxy */;
			sourceTree = BUILT_PRODUCTS_DIR;
		};
		B170169526BAF374000EBE45 /* CoreNetworking.framework */ = {
			isa = PBXReferenceProxy;
			fileType = wrapper.framework;
			path = CoreNetworking.framework;
			remoteRef = B170169426BAF374000EBE45 /* PBXContainerItemProxy */;
			sourceTree = BUILT_PRODUCTS_DIR;
		};
		B170169726BAF374000EBE45 /* CoreNetworkingSample.app */ = {
			isa = PBXReferenceProxy;
			fileType = wrapper.application;
			path = CoreNetworkingSample.app;
			remoteRef = B170169626BAF374000EBE45 /* PBXContainerItemProxy */;
			sourceTree = BUILT_PRODUCTS_DIR;
		};
		B170169926BAF374000EBE45 /* CoreNetworkingTests.xctest */ = {
			isa = PBXReferenceProxy;
			fileType = wrapper.cfbundle;
			path = CoreNetworkingTests.xctest;
			remoteRef = B170169826BAF374000EBE45 /* PBXContainerItemProxy */;
			sourceTree = BUILT_PRODUCTS_DIR;
		};
		B170169E26BAF374000EBE45 /* JAuthentication.framework */ = {
			isa = PBXReferenceProxy;
			fileType = wrapper.framework;
			path = JAuthentication.framework;
			remoteRef = B170169D26BAF374000EBE45 /* PBXContainerItemProxy */;
			sourceTree = BUILT_PRODUCTS_DIR;
		};
		B17016A026BAF374000EBE45 /* JAuthenticationSample.app */ = {
			isa = PBXReferenceProxy;
			fileType = wrapper.application;
			path = JAuthenticationSample.app;
			remoteRef = B170169F26BAF374000EBE45 /* PBXContainerItemProxy */;
			sourceTree = BUILT_PRODUCTS_DIR;
		};
		B17016A226BAF374000EBE45 /* JAuthenticationTests.xctest */ = {
			isa = PBXReferenceProxy;
			fileType = wrapper.cfbundle;
			path = JAuthenticationTests.xctest;
			remoteRef = B17016A126BAF374000EBE45 /* PBXContainerItemProxy */;
			sourceTree = BUILT_PRODUCTS_DIR;
		};
		B17016A726BAF374000EBE45 /* JLibrary.framework */ = {
			isa = PBXReferenceProxy;
			fileType = wrapper.framework;
			path = JLibrary.framework;
			remoteRef = B17016A626BAF374000EBE45 /* PBXContainerItemProxy */;
			sourceTree = BUILT_PRODUCTS_DIR;
		};
		B17016A926BAF374000EBE45 /* JLibrarySample.app */ = {
			isa = PBXReferenceProxy;
			fileType = wrapper.application;
			path = JLibrarySample.app;
			remoteRef = B17016A826BAF374000EBE45 /* PBXContainerItemProxy */;
			sourceTree = BUILT_PRODUCTS_DIR;
		};
		B17016AB26BAF374000EBE45 /* JLibraryTests.xctest */ = {
			isa = PBXReferenceProxy;
			fileType = wrapper.cfbundle;
			path = JLibraryTests.xctest;
			remoteRef = B17016AA26BAF374000EBE45 /* PBXContainerItemProxy */;
			sourceTree = BUILT_PRODUCTS_DIR;
		};
		B17016B026BAF374000EBE45 /* UI.framework */ = {
			isa = PBXReferenceProxy;
			fileType = wrapper.framework;
			path = UI.framework;
			remoteRef = B17016AF26BAF374000EBE45 /* PBXContainerItemProxy */;
			sourceTree = BUILT_PRODUCTS_DIR;
		};
		B17016B226BAF374000EBE45 /* UISample.app */ = {
			isa = PBXReferenceProxy;
			fileType = wrapper.application;
			path = UISample.app;
			remoteRef = B17016B126BAF374000EBE45 /* PBXContainerItemProxy */;
			sourceTree = BUILT_PRODUCTS_DIR;
		};
		B17016B426BAF374000EBE45 /* UITests.xctest */ = {
			isa = PBXReferenceProxy;
			fileType = wrapper.cfbundle;
			path = UITests.xctest;
			remoteRef = B17016B326BAF374000EBE45 /* PBXContainerItemProxy */;
			sourceTree = BUILT_PRODUCTS_DIR;
		};
/* End PBXReferenceProxy section */

/* Begin PBXResourcesBuildPhase section */
		5F53638CC4286388170BC0F0 /* Resources */ = {
			isa = PBXResourcesBuildPhase;
			buildActionMask = 2147483647;
			files = (
				30D8EE175E9668269C903FA4 /* Assets.xcassets in Resources */,
				E309829552224DA91BE922EB /* Preview Assets.xcassets in Resources */,
			);
			runOnlyForDeploymentPostprocessing = 0;
		};
/* End PBXResourcesBuildPhase section */

/* Begin PBXSourcesBuildPhase section */
		2D2C51A6659D477626E82B37 /* Sources */ = {
			isa = PBXSourcesBuildPhase;
			buildActionMask = 2147483647;
			files = (
				AD5AE0DFAD1D960AA98BE1C9 /* LearningJourneyApp.swift in Sources */,
			);
			runOnlyForDeploymentPostprocessing = 0;
		};
		4353D1415E300C0487EE7FF9 /* Sources */ = {
			isa = PBXSourcesBuildPhase;
			buildActionMask = 2147483647;
			files = (
				B5813D0C3451D2A1E828FCF0 /* LearningJourneyTests.swift in Sources */,
			);
			runOnlyForDeploymentPostprocessing = 0;
		};
/* End PBXSourcesBuildPhase section */

/* Begin PBXTargetDependency section */
		8294A097F577F74FD714989D /* PBXTargetDependency */ = {
			isa = PBXTargetDependency;
			target = 857C757B548F562BDD40231A /* LearningJourney */;
			targetProxy = FE6FDB747A81BF35DCD6ED15 /* PBXContainerItemProxy */;
		};
/* End PBXTargetDependency section */

/* Begin XCBuildConfiguration section */
		66BA14618C37833F5AB10724 /* Release */ = {
			isa = XCBuildConfiguration;
			buildSettings = {
				ASSETCATALOG_COMPILER_APPICON_NAME = AppIcon;
				CODE_SIGN_IDENTITY = "iPhone Developer";
				CURRENT_PROJECT_VERSION = 20;
				FRAMEWORK_SEARCH_PATHS = (
					"$(inherited)",
					"\".\"",
				);
				INFOPLIST_FILE = LearningJourney/Resources/Info.plist;
				LD_RUNPATH_SEARCH_PATHS = (
					"$(inherited)",
					"@executable_path/Frameworks",
				);
				MARKETING_VERSION = 1.0;
				PRODUCT_BUNDLE_IDENTIFIER = dev.pastre.learningjourney;
				SDKROOT = iphoneos;
				TARGETED_DEVICE_FAMILY = "1,2";
			};
			name = Release;
		};
		73FF256E320A0E1939AA49E8 /* Debug */ = {
			isa = XCBuildConfiguration;
			buildSettings = {
				BUNDLE_LOADER = "$(TEST_HOST)";
				INFOPLIST_FILE = LearningJourneyTests/Resources/Info.plist;
				LD_RUNPATH_SEARCH_PATHS = (
					"$(inherited)",
					"@executable_path/Frameworks",
					"@loader_path/Frameworks",
				);
				PRODUCT_BUNDLE_IDENTIFIER = dev.pastre.learningjourney.LearningJourneyTests;
				SDKROOT = iphoneos;
				TARGETED_DEVICE_FAMILY = "1,2";
				TEST_HOST = "$(BUILT_PRODUCTS_DIR)/LearningJourney.app/LearningJourney";
			};
			name = Debug;
		};
		8A04630737C741132BF07596 /* Release */ = {
			isa = XCBuildConfiguration;
			buildSettings = {
				BUNDLE_LOADER = "$(TEST_HOST)";
				INFOPLIST_FILE = LearningJourneyTests/Resources/Info.plist;
				LD_RUNPATH_SEARCH_PATHS = (
					"$(inherited)",
					"@executable_path/Frameworks",
					"@loader_path/Frameworks",
				);
				PRODUCT_BUNDLE_IDENTIFIER = dev.pastre.learningjourney.LearningJourneyTests;
				SDKROOT = iphoneos;
				TARGETED_DEVICE_FAMILY = "1,2";
				TEST_HOST = "$(BUILT_PRODUCTS_DIR)/LearningJourney.app/LearningJourney";
			};
			name = Release;
		};
		BBCA17291BFAF1D5CF906C17 /* Debug */ = {
			isa = XCBuildConfiguration;
			buildSettings = {
				ASSETCATALOG_COMPILER_APPICON_NAME = AppIcon;
				CODE_SIGN_IDENTITY = "iPhone Developer";
				CURRENT_PROJECT_VERSION = 20;
				FRAMEWORK_SEARCH_PATHS = (
					"$(inherited)",
					"\".\"",
				);
				INFOPLIST_FILE = LearningJourney/Resources/Info.plist;
				LD_RUNPATH_SEARCH_PATHS = (
					"$(inherited)",
					"@executable_path/Frameworks",
				);
				MARKETING_VERSION = 1.0;
				PRODUCT_BUNDLE_IDENTIFIER = dev.pastre.learningjourney;
				SDKROOT = iphoneos;
				TARGETED_DEVICE_FAMILY = "1,2";
			};
			name = Debug;
		};
		BF9B1ECADB5ACDFB85C82468 /* Release */ = {
			isa = XCBuildConfiguration;
			buildSettings = {
				ALWAYS_SEARCH_USER_PATHS = NO;
				CLANG_ANALYZER_NONNULL = YES;
				CLANG_ANALYZER_NUMBER_OBJECT_CONVERSION = YES_AGGRESSIVE;
				CLANG_CXX_LANGUAGE_STANDARD = "gnu++14";
				CLANG_CXX_LIBRARY = "libc++";
				CLANG_ENABLE_MODULES = YES;
				CLANG_ENABLE_OBJC_ARC = YES;
				CLANG_ENABLE_OBJC_WEAK = YES;
				CLANG_WARN_BLOCK_CAPTURE_AUTORELEASING = YES;
				CLANG_WARN_BOOL_CONVERSION = YES;
				CLANG_WARN_COMMA = YES;
				CLANG_WARN_CONSTANT_CONVERSION = YES;
				CLANG_WARN_DEPRECATED_OBJC_IMPLEMENTATIONS = YES;
				CLANG_WARN_DIRECT_OBJC_ISA_USAGE = YES_ERROR;
				CLANG_WARN_DOCUMENTATION_COMMENTS = YES;
				CLANG_WARN_EMPTY_BODY = YES;
				CLANG_WARN_ENUM_CONVERSION = YES;
				CLANG_WARN_INFINITE_RECURSION = YES;
				CLANG_WARN_INT_CONVERSION = YES;
				CLANG_WARN_NON_LITERAL_NULL_CONVERSION = YES;
				CLANG_WARN_OBJC_IMPLICIT_RETAIN_SELF = YES;
				CLANG_WARN_OBJC_LITERAL_CONVERSION = YES;
				CLANG_WARN_OBJC_ROOT_CLASS = YES_ERROR;
				CLANG_WARN_QUOTED_INCLUDE_IN_FRAMEWORK_HEADER = YES;
				CLANG_WARN_RANGE_LOOP_ANALYSIS = YES;
				CLANG_WARN_STRICT_PROTOTYPES = YES;
				CLANG_WARN_SUSPICIOUS_MOVE = YES;
				CLANG_WARN_UNGUARDED_AVAILABILITY = YES_AGGRESSIVE;
				CLANG_WARN_UNREACHABLE_CODE = YES;
				CLANG_WARN__DUPLICATE_METHOD_MATCH = YES;
				COPY_PHASE_STRIP = NO;
				DEBUG_INFORMATION_FORMAT = "dwarf-with-dsym";
				ENABLE_NS_ASSERTIONS = NO;
				ENABLE_STRICT_OBJC_MSGSEND = YES;
				GCC_C_LANGUAGE_STANDARD = gnu11;
				GCC_NO_COMMON_BLOCKS = YES;
				GCC_WARN_64_TO_32_BIT_CONVERSION = YES;
				GCC_WARN_ABOUT_RETURN_TYPE = YES_ERROR;
				GCC_WARN_UNDECLARED_SELECTOR = YES;
				GCC_WARN_UNINITIALIZED_AUTOS = YES_AGGRESSIVE;
				GCC_WARN_UNUSED_FUNCTION = YES;
				GCC_WARN_UNUSED_VARIABLE = YES;
				MTL_ENABLE_DEBUG_INFO = NO;
				MTL_FAST_MATH = YES;
				PRODUCT_NAME = "$(TARGET_NAME)";
				SDKROOT = iphoneos;
				SWIFT_COMPILATION_MODE = wholemodule;
				SWIFT_OPTIMIZATION_LEVEL = "-O";
				SWIFT_VERSION = 5.0;
			};
			name = Release;
		};
		ED741F007F5930C25B165F17 /* Debug */ = {
			isa = XCBuildConfiguration;
			buildSettings = {
				ALWAYS_SEARCH_USER_PATHS = NO;
				CLANG_ANALYZER_NONNULL = YES;
				CLANG_ANALYZER_NUMBER_OBJECT_CONVERSION = YES_AGGRESSIVE;
				CLANG_CXX_LANGUAGE_STANDARD = "gnu++14";
				CLANG_CXX_LIBRARY = "libc++";
				CLANG_ENABLE_MODULES = YES;
				CLANG_ENABLE_OBJC_ARC = YES;
				CLANG_ENABLE_OBJC_WEAK = YES;
				CLANG_WARN_BLOCK_CAPTURE_AUTORELEASING = YES;
				CLANG_WARN_BOOL_CONVERSION = YES;
				CLANG_WARN_COMMA = YES;
				CLANG_WARN_CONSTANT_CONVERSION = YES;
				CLANG_WARN_DEPRECATED_OBJC_IMPLEMENTATIONS = YES;
				CLANG_WARN_DIRECT_OBJC_ISA_USAGE = YES_ERROR;
				CLANG_WARN_DOCUMENTATION_COMMENTS = YES;
				CLANG_WARN_EMPTY_BODY = YES;
				CLANG_WARN_ENUM_CONVERSION = YES;
				CLANG_WARN_INFINITE_RECURSION = YES;
				CLANG_WARN_INT_CONVERSION = YES;
				CLANG_WARN_NON_LITERAL_NULL_CONVERSION = YES;
				CLANG_WARN_OBJC_IMPLICIT_RETAIN_SELF = YES;
				CLANG_WARN_OBJC_LITERAL_CONVERSION = YES;
				CLANG_WARN_OBJC_ROOT_CLASS = YES_ERROR;
				CLANG_WARN_QUOTED_INCLUDE_IN_FRAMEWORK_HEADER = YES;
				CLANG_WARN_RANGE_LOOP_ANALYSIS = YES;
				CLANG_WARN_STRICT_PROTOTYPES = YES;
				CLANG_WARN_SUSPICIOUS_MOVE = YES;
				CLANG_WARN_UNGUARDED_AVAILABILITY = YES_AGGRESSIVE;
				CLANG_WARN_UNREACHABLE_CODE = YES;
				CLANG_WARN__DUPLICATE_METHOD_MATCH = YES;
				COPY_PHASE_STRIP = NO;
				DEBUG_INFORMATION_FORMAT = dwarf;
				ENABLE_STRICT_OBJC_MSGSEND = YES;
				ENABLE_TESTABILITY = YES;
				GCC_C_LANGUAGE_STANDARD = gnu11;
				GCC_DYNAMIC_NO_PIC = NO;
				GCC_NO_COMMON_BLOCKS = YES;
				GCC_OPTIMIZATION_LEVEL = 0;
				GCC_PREPROCESSOR_DEFINITIONS = (
					"$(inherited)",
					"DEBUG=1",
				);
				GCC_WARN_64_TO_32_BIT_CONVERSION = YES;
				GCC_WARN_ABOUT_RETURN_TYPE = YES_ERROR;
				GCC_WARN_UNDECLARED_SELECTOR = YES;
				GCC_WARN_UNINITIALIZED_AUTOS = YES_AGGRESSIVE;
				GCC_WARN_UNUSED_FUNCTION = YES;
				GCC_WARN_UNUSED_VARIABLE = YES;
				MTL_ENABLE_DEBUG_INFO = INCLUDE_SOURCE;
				MTL_FAST_MATH = YES;
				ONLY_ACTIVE_ARCH = YES;
				PRODUCT_NAME = "$(TARGET_NAME)";
				SDKROOT = iphoneos;
				SWIFT_ACTIVE_COMPILATION_CONDITIONS = DEBUG;
				SWIFT_OPTIMIZATION_LEVEL = "-Onone";
				SWIFT_VERSION = 5.0;
			};
			name = Debug;
		};
/* End XCBuildConfiguration section */

/* Begin XCConfigurationList section */
		0026FED6E7EE78721A351ED9 /* Build configuration list for PBXProject "LearningJourney" */ = {
			isa = XCConfigurationList;
			buildConfigurations = (
				ED741F007F5930C25B165F17 /* Debug */,
				BF9B1ECADB5ACDFB85C82468 /* Release */,
			);
			defaultConfigurationIsVisible = 0;
			defaultConfigurationName = Debug;
		};
		5DDECB102FE19D9DD1074AC5 /* Build configuration list for PBXNativeTarget "LearningJourneyTests" */ = {
			isa = XCConfigurationList;
			buildConfigurations = (
				73FF256E320A0E1939AA49E8 /* Debug */,
				8A04630737C741132BF07596 /* Release */,
			);
			defaultConfigurationIsVisible = 0;
			defaultConfigurationName = Debug;
		};
		A4D9B3BEA395C3E0F85D539D /* Build configuration list for PBXNativeTarget "LearningJourney" */ = {
			isa = XCConfigurationList;
			buildConfigurations = (
				BBCA17291BFAF1D5CF906C17 /* Debug */,
				66BA14618C37833F5AB10724 /* Release */,
			);
			defaultConfigurationIsVisible = 0;
			defaultConfigurationName = Debug;
		};
/* End XCConfigurationList section */
	};
	rootObject = 24316B04DF2E455AD6B76C56 /* Project object */;
}
