// !$*UTF8*$!
{
	archiveVersion = 1;
	classes = {
	};
	objectVersion = 51;
	objects = {

/* Begin PBXBuildFile section */
		093929867DB3CBC63170E886 /* CoreInjector.framework in Frameworks */ = {isa = PBXBuildFile; fileRef = CBC0BAE78BD01BFDCC2DF610 /* CoreInjector.framework */; };
		1A790A49B4656C57C6568804 /* FeatureTests.swift in Sources */ = {isa = PBXBuildFile; fileRef = B86DDD727E400384732775C0 /* FeatureTests.swift */; };
		2B8E6DA7F769B30070427872 /* Assets.xcassets in Resources */ = {isa = PBXBuildFile; fileRef = E8FB6FD02B802BD644258AFF /* Assets.xcassets */; };
		30A5BCB6CCA771BFDDCF967F /* AppDelegate.swift in Sources */ = {isa = PBXBuildFile; fileRef = F2662CA2A3393CFD99DADF75 /* AppDelegate.swift */; };
		3FA1D9110381456E6D43C7F0 /* RoutingService.swift in Sources */ = {isa = PBXBuildFile; fileRef = 48CCB53525706AE8F96DA5AA /* RoutingService.swift */; };
		4F3A1818650117B18FF9D87F /* Feature.swift in Sources */ = {isa = PBXBuildFile; fileRef = 3B170CADDEFF64055D76B5B2 /* Feature.swift */; };
		515F0ABE7AEE258C2AC4854E /* CoreInjector.h in Headers */ = {isa = PBXBuildFile; fileRef = 34B7E814FF0D121C26D18B3F /* CoreInjector.h */; settings = {ATTRIBUTES = (Public, ); }; };
		65D1ED22798E0430E44A5C8F /* SceneDelegate.swift in Sources */ = {isa = PBXBuildFile; fileRef = D36D0BF8471F1C6BFF54D5BD /* SceneDelegate.swift */; };
		8B957C4CB25A51CC6D996687 /* DependencyContainer.swift in Sources */ = {isa = PBXBuildFile; fileRef = 04BF13701A13501C133290B7 /* DependencyContainer.swift */; };
		8C02ECED9C6E353250C9ECA8 /* DependencyTests.swift in Sources */ = {isa = PBXBuildFile; fileRef = F21AE6B370B1FE7FBE29A75E /* DependencyTests.swift */; };
		95B53FCD9FD2D9E5FFE8318B /* CoreInjector.framework in Frameworks */ = {isa = PBXBuildFile; fileRef = CBC0BAE78BD01BFDCC2DF610 /* CoreInjector.framework */; };
		D018D8B8D85DE51006487590 /* Dependency.swift in Sources */ = {isa = PBXBuildFile; fileRef = DD90D7A65F09972F2826CCF0 /* Dependency.swift */; };
		DB86C4164F0862D01DB2FB02 /* DependencyContainerTests.swift in Sources */ = {isa = PBXBuildFile; fileRef = 4473C4B1F50385FE39A040BC /* DependencyContainerTests.swift */; };
		E3F0DD176D2502EB47DF1FDC /* Route.swift in Sources */ = {isa = PBXBuildFile; fileRef = 44A54AD0871F67E3CB46B535 /* Route.swift */; };
		FC7B740044DD20EA5546DC36 /* CoreInjector.framework in Embed Frameworks */ = {isa = PBXBuildFile; fileRef = CBC0BAE78BD01BFDCC2DF610 /* CoreInjector.framework */; settings = {ATTRIBUTES = (CodeSignOnCopy, RemoveHeadersOnCopy, ); }; };
/* End PBXBuildFile section */

/* Begin PBXContainerItemProxy section */
		922DEB0F89DE9E3B78E24A96 /* PBXContainerItemProxy */ = {
			isa = PBXContainerItemProxy;
			containerPortal = 8032E47577E6283E984B9D9C /* Project object */;
			proxyType = 1;
			remoteGlobalIDString = 50BC1AEA2C82CB1A72CA505E;
			remoteInfo = CoreInjector;
		};
		D320BFA1314DB8C7F53221D0 /* PBXContainerItemProxy */ = {
			isa = PBXContainerItemProxy;
			containerPortal = 8032E47577E6283E984B9D9C /* Project object */;
			proxyType = 1;
			remoteGlobalIDString = 50BC1AEA2C82CB1A72CA505E;
			remoteInfo = CoreInjector;
		};
/* End PBXContainerItemProxy section */

/* Begin PBXCopyFilesBuildPhase section */
		754355226543164D0FB26EE7 /* Embed Frameworks */ = {
			isa = PBXCopyFilesBuildPhase;
			buildActionMask = 2147483647;
			dstPath = "";
			dstSubfolderSpec = 10;
			files = (
				FC7B740044DD20EA5546DC36 /* CoreInjector.framework in Embed Frameworks */,
			);
			name = "Embed Frameworks";
			runOnlyForDeploymentPostprocessing = 0;
		};
/* End PBXCopyFilesBuildPhase section */

/* Begin PBXFileReference section */
		04BF13701A13501C133290B7 /* DependencyContainer.swift */ = {isa = PBXFileReference; lastKnownFileType = sourcecode.swift; path = DependencyContainer.swift; sourceTree = "<group>"; };
		34B7E814FF0D121C26D18B3F /* CoreInjector.h */ = {isa = PBXFileReference; lastKnownFileType = sourcecode.c.h; path = CoreInjector.h; sourceTree = "<group>"; };
		3A1D7E146AFD8F2645BBB00B /* CoreInjectorTests.xctest */ = {isa = PBXFileReference; includeInIndex = 0; lastKnownFileType = wrapper.cfbundle; path = CoreInjectorTests.xctest; sourceTree = BUILT_PRODUCTS_DIR; };
		3B170CADDEFF64055D76B5B2 /* Feature.swift */ = {isa = PBXFileReference; lastKnownFileType = sourcecode.swift; path = Feature.swift; sourceTree = "<group>"; };
		4473C4B1F50385FE39A040BC /* DependencyContainerTests.swift */ = {isa = PBXFileReference; lastKnownFileType = sourcecode.swift; path = DependencyContainerTests.swift; sourceTree = "<group>"; };
		44A54AD0871F67E3CB46B535 /* Route.swift */ = {isa = PBXFileReference; lastKnownFileType = sourcecode.swift; path = Route.swift; sourceTree = "<group>"; };
		48CCB53525706AE8F96DA5AA /* RoutingService.swift */ = {isa = PBXFileReference; lastKnownFileType = sourcecode.swift; path = RoutingService.swift; sourceTree = "<group>"; };
		6382308EC85BE03646173FD4 /* Info.plist */ = {isa = PBXFileReference; lastKnownFileType = text.plist; path = Info.plist; sourceTree = "<group>"; };
		93FAC1968887F5E28FC4F25D /* CoreInjectorSample.app */ = {isa = PBXFileReference; includeInIndex = 0; lastKnownFileType = wrapper.application; path = CoreInjectorSample.app; sourceTree = BUILT_PRODUCTS_DIR; };
		B86DDD727E400384732775C0 /* FeatureTests.swift */ = {isa = PBXFileReference; lastKnownFileType = sourcecode.swift; path = FeatureTests.swift; sourceTree = "<group>"; };
		CBC0BAE78BD01BFDCC2DF610 /* CoreInjector.framework */ = {isa = PBXFileReference; explicitFileType = wrapper.framework; includeInIndex = 0; path = CoreInjector.framework; sourceTree = BUILT_PRODUCTS_DIR; };
		D24E9C4311BC395724050121 /* Info.plist */ = {isa = PBXFileReference; lastKnownFileType = text.plist; path = Info.plist; sourceTree = "<group>"; };
		D36D0BF8471F1C6BFF54D5BD /* SceneDelegate.swift */ = {isa = PBXFileReference; lastKnownFileType = sourcecode.swift; path = SceneDelegate.swift; sourceTree = "<group>"; };
		DD90D7A65F09972F2826CCF0 /* Dependency.swift */ = {isa = PBXFileReference; lastKnownFileType = sourcecode.swift; path = Dependency.swift; sourceTree = "<group>"; };
		DDCC345AB6A910817D551970 /* Info.plist */ = {isa = PBXFileReference; lastKnownFileType = text.plist; path = Info.plist; sourceTree = "<group>"; };
		E8FB6FD02B802BD644258AFF /* Assets.xcassets */ = {isa = PBXFileReference; lastKnownFileType = folder.assetcatalog; path = Assets.xcassets; sourceTree = "<group>"; };
		F21AE6B370B1FE7FBE29A75E /* DependencyTests.swift */ = {isa = PBXFileReference; lastKnownFileType = sourcecode.swift; path = DependencyTests.swift; sourceTree = "<group>"; };
		F2662CA2A3393CFD99DADF75 /* AppDelegate.swift */ = {isa = PBXFileReference; lastKnownFileType = sourcecode.swift; path = AppDelegate.swift; sourceTree = "<group>"; };
/* End PBXFileReference section */

/* Begin PBXFrameworksBuildPhase section */
		6F21C859A4491B9AA0AA8B10 /* Frameworks */ = {
			isa = PBXFrameworksBuildPhase;
			buildActionMask = 2147483647;
			files = (
				093929867DB3CBC63170E886 /* CoreInjector.framework in Frameworks */,
			);
			runOnlyForDeploymentPostprocessing = 0;
		};
		E200CCEE229B4559E6D98291 /* Frameworks */ = {
			isa = PBXFrameworksBuildPhase;
			buildActionMask = 2147483647;
			files = (
				95B53FCD9FD2D9E5FFE8318B /* CoreInjector.framework in Frameworks */,
			);
			runOnlyForDeploymentPostprocessing = 0;
		};
/* End PBXFrameworksBuildPhase section */

/* Begin PBXGroup section */
		17CE91B0D7DA833DC3399E70 /* Products */ = {
			isa = PBXGroup;
			children = (
				CBC0BAE78BD01BFDCC2DF610 /* CoreInjector.framework */,
				93FAC1968887F5E28FC4F25D /* CoreInjectorSample.app */,
				3A1D7E146AFD8F2645BBB00B /* CoreInjectorTests.xctest */,
			);
			name = Products;
			sourceTree = "<group>";
		};
		2A36516AF47F8A8D5CA0721D = {
			isa = PBXGroup;
			children = (
				AB34DF7AF6D030E08C055946 /* CoreInjector */,
				C26174981483D15AB12FC90C /* CoreInjectorSample */,
				A78EC5953D0DFA7BD91613A3 /* CoreInjectorTests */,
				17CE91B0D7DA833DC3399E70 /* Products */,
			);
			sourceTree = "<group>";
		};
		5AEA2CC7FA53AA5EC641FA4B /* Sources */ = {
			isa = PBXGroup;
			children = (
				4473C4B1F50385FE39A040BC /* DependencyContainerTests.swift */,
				F21AE6B370B1FE7FBE29A75E /* DependencyTests.swift */,
				B86DDD727E400384732775C0 /* FeatureTests.swift */,
			);
			path = Sources;
			sourceTree = "<group>";
		};
		94BE0A686E52BE7E3003DCAB /* Sources */ = {
			isa = PBXGroup;
			children = (
				DD90D7A65F09972F2826CCF0 /* Dependency.swift */,
				04BF13701A13501C133290B7 /* DependencyContainer.swift */,
				3B170CADDEFF64055D76B5B2 /* Feature.swift */,
				44A54AD0871F67E3CB46B535 /* Route.swift */,
				48CCB53525706AE8F96DA5AA /* RoutingService.swift */,
			);
			path = Sources;
			sourceTree = "<group>";
		};
		A78EC5953D0DFA7BD91613A3 /* CoreInjectorTests */ = {
			isa = PBXGroup;
			children = (
				FF48157C67C8ADD11E249319 /* Resources */,
				5AEA2CC7FA53AA5EC641FA4B /* Sources */,
			);
			path = CoreInjectorTests;
			sourceTree = "<group>";
		};
		AB34DF7AF6D030E08C055946 /* CoreInjector */ = {
			isa = PBXGroup;
			children = (
				D52566A6E4ACED608A1D85D3 /* Resources */,
				94BE0A686E52BE7E3003DCAB /* Sources */,
			);
			path = CoreInjector;
			sourceTree = "<group>";
		};
		C26174981483D15AB12FC90C /* CoreInjectorSample */ = {
			isa = PBXGroup;
			children = (
				DA1DD33F426DF13E0A4CE3A6 /* Resources */,
				FB01E5052EB9766B5653ECF2 /* Sources */,
			);
			path = CoreInjectorSample;
			sourceTree = "<group>";
		};
		D52566A6E4ACED608A1D85D3 /* Resources */ = {
			isa = PBXGroup;
			children = (
				34B7E814FF0D121C26D18B3F /* CoreInjector.h */,
				6382308EC85BE03646173FD4 /* Info.plist */,
			);
			path = Resources;
			sourceTree = "<group>";
		};
		DA1DD33F426DF13E0A4CE3A6 /* Resources */ = {
			isa = PBXGroup;
			children = (
				E8FB6FD02B802BD644258AFF /* Assets.xcassets */,
				D24E9C4311BC395724050121 /* Info.plist */,
			);
			path = Resources;
			sourceTree = "<group>";
		};
		FB01E5052EB9766B5653ECF2 /* Sources */ = {
			isa = PBXGroup;
			children = (
				F2662CA2A3393CFD99DADF75 /* AppDelegate.swift */,
				D36D0BF8471F1C6BFF54D5BD /* SceneDelegate.swift */,
			);
			path = Sources;
			sourceTree = "<group>";
		};
		FF48157C67C8ADD11E249319 /* Resources */ = {
			isa = PBXGroup;
			children = (
				DDCC345AB6A910817D551970 /* Info.plist */,
			);
			path = Resources;
			sourceTree = "<group>";
		};
/* End PBXGroup section */

/* Begin PBXHeadersBuildPhase section */
		F511558F9178EC2DDE3C9BE2 /* Headers */ = {
			isa = PBXHeadersBuildPhase;
			buildActionMask = 2147483647;
			files = (
				515F0ABE7AEE258C2AC4854E /* CoreInjector.h in Headers */,
			);
			runOnlyForDeploymentPostprocessing = 0;
		};
/* End PBXHeadersBuildPhase section */

/* Begin PBXNativeTarget section */
		1B5079EE92E29563FFCA929E /* CoreInjectorTests */ = {
			isa = PBXNativeTarget;
			buildConfigurationList = 9A55038BF6FC8E080D7CBFDA /* Build configuration list for PBXNativeTarget "CoreInjectorTests" */;
			buildPhases = (
				DCFB28542B3B542409C421AA /* Sources */,
				E200CCEE229B4559E6D98291 /* Frameworks */,
				754355226543164D0FB26EE7 /* Embed Frameworks */,
			);
			buildRules = (
			);
			dependencies = (
				CC05B97FFB8192815B33C3EA /* PBXTargetDependency */,
			);
			name = CoreInjectorTests;
			productName = CoreInjectorTests;
			productReference = 3A1D7E146AFD8F2645BBB00B /* CoreInjectorTests.xctest */;
			productType = "com.apple.product-type.bundle.unit-test";
		};
		50BC1AEA2C82CB1A72CA505E /* CoreInjector */ = {
			isa = PBXNativeTarget;
			buildConfigurationList = 250D3978D5B1832B484BB7D3 /* Build configuration list for PBXNativeTarget "CoreInjector" */;
			buildPhases = (
				F511558F9178EC2DDE3C9BE2 /* Headers */,
				42F0253DD52714AD9003B3AF /* Sources */,
			);
			buildRules = (
			);
			dependencies = (
			);
			name = CoreInjector;
			productName = CoreInjector;
			productReference = CBC0BAE78BD01BFDCC2DF610 /* CoreInjector.framework */;
			productType = "com.apple.product-type.framework";
		};
		FF0997E06C2EEB8C8E3425EC /* CoreInjectorSample */ = {
			isa = PBXNativeTarget;
			buildConfigurationList = FEE0F42850223872B287FC75 /* Build configuration list for PBXNativeTarget "CoreInjectorSample" */;
			buildPhases = (
				FD8B620F327291BB9C8D60E3 /* Sources */,
				5B279B504FFCD6E97ECC7201 /* Resources */,
				6F21C859A4491B9AA0AA8B10 /* Frameworks */,
			);
			buildRules = (
			);
			dependencies = (
				B87D9CCDF14122071D60444F /* PBXTargetDependency */,
			);
			name = CoreInjectorSample;
			productName = CoreInjectorSample;
			productReference = 93FAC1968887F5E28FC4F25D /* CoreInjectorSample.app */;
			productType = "com.apple.product-type.application";
		};
/* End PBXNativeTarget section */

/* Begin PBXProject section */
		8032E47577E6283E984B9D9C /* Project object */ = {
			isa = PBXProject;
			attributes = {
				LastUpgradeCheck = 9999;
				TargetAttributes = {
				};
			};
			buildConfigurationList = E1963FB934EDBA21947A6C4B /* Build configuration list for PBXProject "CoreInjector" */;
			compatibilityVersion = "Xcode 10.0";
			developmentRegion = en;
			hasScannedForEncodings = 0;
			knownRegions = (
				Base,
				en,
			);
			mainGroup = 2A36516AF47F8A8D5CA0721D;
			projectDirPath = "";
			projectRoot = "";
			targets = (
				50BC1AEA2C82CB1A72CA505E /* CoreInjector */,
				FF0997E06C2EEB8C8E3425EC /* CoreInjectorSample */,
				1B5079EE92E29563FFCA929E /* CoreInjectorTests */,
			);
		};
/* End PBXProject section */

/* Begin PBXResourcesBuildPhase section */
		5B279B504FFCD6E97ECC7201 /* Resources */ = {
			isa = PBXResourcesBuildPhase;
			buildActionMask = 2147483647;
			files = (
				2B8E6DA7F769B30070427872 /* Assets.xcassets in Resources */,
			);
			runOnlyForDeploymentPostprocessing = 0;
		};
/* End PBXResourcesBuildPhase section */

/* Begin PBXSourcesBuildPhase section */
		42F0253DD52714AD9003B3AF /* Sources */ = {
			isa = PBXSourcesBuildPhase;
			buildActionMask = 2147483647;
			files = (
				D018D8B8D85DE51006487590 /* Dependency.swift in Sources */,
				8B957C4CB25A51CC6D996687 /* DependencyContainer.swift in Sources */,
				4F3A1818650117B18FF9D87F /* Feature.swift in Sources */,
				E3F0DD176D2502EB47DF1FDC /* Route.swift in Sources */,
				3FA1D9110381456E6D43C7F0 /* RoutingService.swift in Sources */,
			);
			runOnlyForDeploymentPostprocessing = 0;
		};
		DCFB28542B3B542409C421AA /* Sources */ = {
			isa = PBXSourcesBuildPhase;
			buildActionMask = 2147483647;
			files = (
				DB86C4164F0862D01DB2FB02 /* DependencyContainerTests.swift in Sources */,
				8C02ECED9C6E353250C9ECA8 /* DependencyTests.swift in Sources */,
				1A790A49B4656C57C6568804 /* FeatureTests.swift in Sources */,
			);
			runOnlyForDeploymentPostprocessing = 0;
		};
		FD8B620F327291BB9C8D60E3 /* Sources */ = {
			isa = PBXSourcesBuildPhase;
			buildActionMask = 2147483647;
			files = (
				30A5BCB6CCA771BFDDCF967F /* AppDelegate.swift in Sources */,
				65D1ED22798E0430E44A5C8F /* SceneDelegate.swift in Sources */,
			);
			runOnlyForDeploymentPostprocessing = 0;
		};
/* End PBXSourcesBuildPhase section */

/* Begin PBXTargetDependency section */
		B87D9CCDF14122071D60444F /* PBXTargetDependency */ = {
			isa = PBXTargetDependency;
			target = 50BC1AEA2C82CB1A72CA505E /* CoreInjector */;
			targetProxy = 922DEB0F89DE9E3B78E24A96 /* PBXContainerItemProxy */;
		};
		CC05B97FFB8192815B33C3EA /* PBXTargetDependency */ = {
			isa = PBXTargetDependency;
			target = 50BC1AEA2C82CB1A72CA505E /* CoreInjector */;
			targetProxy = D320BFA1314DB8C7F53221D0 /* PBXContainerItemProxy */;
		};
/* End PBXTargetDependency section */

/* Begin XCBuildConfiguration section */
		0FEC0D297C60392356BA2D5E /* Debug */ = {
			isa = XCBuildConfiguration;
			buildSettings = {
				ASSETCATALOG_COMPILER_APPICON_NAME = AppIcon;
				CODE_SIGN_IDENTITY = "iPhone Developer";
				INFOPLIST_FILE = CoreInjectorSample/Resources/Info.plist;
				LD_RUNPATH_SEARCH_PATHS = (
					"$(inherited)",
					"@executable_path/Frameworks",
				);
				PRODUCT_BUNDLE_IDENTIFIER = dev.pastre.learningjourney.CoreInjectorSample;
				SDKROOT = iphoneos;
				TARGETED_DEVICE_FAMILY = "1,2";
			};
			name = Debug;
		};
		446A94103FB80A73649B7E61 /* Debug */ = {
			isa = XCBuildConfiguration;
			buildSettings = {
				ALWAYS_SEARCH_USER_PATHS = NO;
				CLANG_ANALYZER_NONNULL = YES;
				CLANG_ANALYZER_NUMBER_OBJECT_CONVERSION = YES_AGGRESSIVE;
				CLANG_CXX_LANGUAGE_STANDARD = "gnu++14";
				CLANG_CXX_LIBRARY = "libc++";
				CLANG_ENABLE_MODULES = YES;
				CLANG_ENABLE_OBJC_ARC = YES;
				CLANG_ENABLE_OBJC_WEAK = YES;
				CLANG_WARN_BLOCK_CAPTURE_AUTORELEASING = YES;
				CLANG_WARN_BOOL_CONVERSION = YES;
				CLANG_WARN_COMMA = YES;
				CLANG_WARN_CONSTANT_CONVERSION = YES;
				CLANG_WARN_DEPRECATED_OBJC_IMPLEMENTATIONS = YES;
				CLANG_WARN_DIRECT_OBJC_ISA_USAGE = YES_ERROR;
				CLANG_WARN_DOCUMENTATION_COMMENTS = YES;
				CLANG_WARN_EMPTY_BODY = YES;
				CLANG_WARN_ENUM_CONVERSION = YES;
				CLANG_WARN_INFINITE_RECURSION = YES;
				CLANG_WARN_INT_CONVERSION = YES;
				CLANG_WARN_NON_LITERAL_NULL_CONVERSION = YES;
				CLANG_WARN_OBJC_IMPLICIT_RETAIN_SELF = YES;
				CLANG_WARN_OBJC_LITERAL_CONVERSION = YES;
				CLANG_WARN_OBJC_ROOT_CLASS = YES_ERROR;
				CLANG_WARN_QUOTED_INCLUDE_IN_FRAMEWORK_HEADER = YES;
				CLANG_WARN_RANGE_LOOP_ANALYSIS = YES;
				CLANG_WARN_STRICT_PROTOTYPES = YES;
				CLANG_WARN_SUSPICIOUS_MOVE = YES;
				CLANG_WARN_UNGUARDED_AVAILABILITY = YES_AGGRESSIVE;
				CLANG_WARN_UNREACHABLE_CODE = YES;
				CLANG_WARN__DUPLICATE_METHOD_MATCH = YES;
				COPY_PHASE_STRIP = NO;
				DEBUG_INFORMATION_FORMAT = dwarf;
				ENABLE_STRICT_OBJC_MSGSEND = YES;
				ENABLE_TESTABILITY = YES;
				GCC_C_LANGUAGE_STANDARD = gnu11;
				GCC_DYNAMIC_NO_PIC = NO;
				GCC_NO_COMMON_BLOCKS = YES;
				GCC_OPTIMIZATION_LEVEL = 0;
				GCC_PREPROCESSOR_DEFINITIONS = (
					"$(inherited)",
					"DEBUG=1",
				);
				GCC_WARN_64_TO_32_BIT_CONVERSION = YES;
				GCC_WARN_ABOUT_RETURN_TYPE = YES_ERROR;
				GCC_WARN_UNDECLARED_SELECTOR = YES;
				GCC_WARN_UNINITIALIZED_AUTOS = YES_AGGRESSIVE;
				GCC_WARN_UNUSED_FUNCTION = YES;
				GCC_WARN_UNUSED_VARIABLE = YES;
				MTL_ENABLE_DEBUG_INFO = INCLUDE_SOURCE;
				MTL_FAST_MATH = YES;
				ONLY_ACTIVE_ARCH = YES;
				PRODUCT_NAME = "$(TARGET_NAME)";
				SDKROOT = iphoneos;
				SWIFT_ACTIVE_COMPILATION_CONDITIONS = DEBUG;
				SWIFT_OPTIMIZATION_LEVEL = "-Onone";
				SWIFT_VERSION = 5.0;
			};
			name = Debug;
		};
		4BF8524A148A42D6B5D4091C /* Debug */ = {
			isa = XCBuildConfiguration;
			buildSettings = {
				BUNDLE_LOADER = "$(TEST_HOST)";
				INFOPLIST_FILE = CoreInjectorTests/Resources/Info.plist;
				LD_RUNPATH_SEARCH_PATHS = (
					"$(inherited)",
					"@executable_path/Frameworks",
					"@loader_path/Frameworks",
				);
				PRODUCT_BUNDLE_IDENTIFIER = dev.pastre.learningjourney.CoreInjectorTests;
				SDKROOT = iphoneos;
				TARGETED_DEVICE_FAMILY = "1,2";
			};
			name = Debug;
		};
		4D86E77323D3BC38876A64AF /* Release */ = {
			isa = XCBuildConfiguration;
			buildSettings = {
				BUNDLE_LOADER = "$(TEST_HOST)";
				INFOPLIST_FILE = CoreInjectorTests/Resources/Info.plist;
				LD_RUNPATH_SEARCH_PATHS = (
					"$(inherited)",
					"@executable_path/Frameworks",
					"@loader_path/Frameworks",
				);
				PRODUCT_BUNDLE_IDENTIFIER = dev.pastre.learningjourney.CoreInjectorTests;
				SDKROOT = iphoneos;
				TARGETED_DEVICE_FAMILY = "1,2";
			};
			name = Release;
		};
		A8FD48ADC652E52113B4D256 /* Release */ = {
			isa = XCBuildConfiguration;
			buildSettings = {
				ALWAYS_SEARCH_USER_PATHS = NO;
				CLANG_ANALYZER_NONNULL = YES;
				CLANG_ANALYZER_NUMBER_OBJECT_CONVERSION = YES_AGGRESSIVE;
				CLANG_CXX_LANGUAGE_STANDARD = "gnu++14";
				CLANG_CXX_LIBRARY = "libc++";
				CLANG_ENABLE_MODULES = YES;
				CLANG_ENABLE_OBJC_ARC = YES;
				CLANG_ENABLE_OBJC_WEAK = YES;
				CLANG_WARN_BLOCK_CAPTURE_AUTORELEASING = YES;
				CLANG_WARN_BOOL_CONVERSION = YES;
				CLANG_WARN_COMMA = YES;
				CLANG_WARN_CONSTANT_CONVERSION = YES;
				CLANG_WARN_DEPRECATED_OBJC_IMPLEMENTATIONS = YES;
				CLANG_WARN_DIRECT_OBJC_ISA_USAGE = YES_ERROR;
				CLANG_WARN_DOCUMENTATION_COMMENTS = YES;
				CLANG_WARN_EMPTY_BODY = YES;
				CLANG_WARN_ENUM_CONVERSION = YES;
				CLANG_WARN_INFINITE_RECURSION = YES;
				CLANG_WARN_INT_CONVERSION = YES;
				CLANG_WARN_NON_LITERAL_NULL_CONVERSION = YES;
				CLANG_WARN_OBJC_IMPLICIT_RETAIN_SELF = YES;
				CLANG_WARN_OBJC_LITERAL_CONVERSION = YES;
				CLANG_WARN_OBJC_ROOT_CLASS = YES_ERROR;
				CLANG_WARN_QUOTED_INCLUDE_IN_FRAMEWORK_HEADER = YES;
				CLANG_WARN_RANGE_LOOP_ANALYSIS = YES;
				CLANG_WARN_STRICT_PROTOTYPES = YES;
				CLANG_WARN_SUSPICIOUS_MOVE = YES;
				CLANG_WARN_UNGUARDED_AVAILABILITY = YES_AGGRESSIVE;
				CLANG_WARN_UNREACHABLE_CODE = YES;
				CLANG_WARN__DUPLICATE_METHOD_MATCH = YES;
				COPY_PHASE_STRIP = NO;
				DEBUG_INFORMATION_FORMAT = "dwarf-with-dsym";
				ENABLE_NS_ASSERTIONS = NO;
				ENABLE_STRICT_OBJC_MSGSEND = YES;
				GCC_C_LANGUAGE_STANDARD = gnu11;
				GCC_NO_COMMON_BLOCKS = YES;
				GCC_WARN_64_TO_32_BIT_CONVERSION = YES;
				GCC_WARN_ABOUT_RETURN_TYPE = YES_ERROR;
				GCC_WARN_UNDECLARED_SELECTOR = YES;
				GCC_WARN_UNINITIALIZED_AUTOS = YES_AGGRESSIVE;
				GCC_WARN_UNUSED_FUNCTION = YES;
				GCC_WARN_UNUSED_VARIABLE = YES;
				MTL_ENABLE_DEBUG_INFO = NO;
				MTL_FAST_MATH = YES;
				PRODUCT_NAME = "$(TARGET_NAME)";
				SDKROOT = iphoneos;
				SWIFT_COMPILATION_MODE = wholemodule;
				SWIFT_OPTIMIZATION_LEVEL = "-O";
				SWIFT_VERSION = 5.0;
			};
			name = Release;
		};
		AEDF2E890D5734FE38142D9C /* Release */ = {
			isa = XCBuildConfiguration;
			buildSettings = {
				ASSETCATALOG_COMPILER_APPICON_NAME = AppIcon;
				CODE_SIGN_IDENTITY = "iPhone Developer";
				INFOPLIST_FILE = CoreInjectorSample/Resources/Info.plist;
				LD_RUNPATH_SEARCH_PATHS = (
					"$(inherited)",
					"@executable_path/Frameworks",
				);
				PRODUCT_BUNDLE_IDENTIFIER = dev.pastre.learningjourney.CoreInjectorSample;
				SDKROOT = iphoneos;
				TARGETED_DEVICE_FAMILY = "1,2";
			};
			name = Release;
		};
		D4E9EC20B6FAFF6A37CB189D /* Debug */ = {
			isa = XCBuildConfiguration;
			buildSettings = {
				CODE_SIGN_IDENTITY = "";
				CURRENT_PROJECT_VERSION = 1;
				DEFINES_MODULE = YES;
				DYLIB_COMPATIBILITY_VERSION = 1;
				DYLIB_CURRENT_VERSION = 1;
				DYLIB_INSTALL_NAME_BASE = "@rpath";
				INFOPLIST_FILE = CoreInjector/Resources/Info.plist;
				INSTALL_PATH = "$(LOCAL_LIBRARY_DIR)/Frameworks";
				LD_RUNPATH_SEARCH_PATHS = (
					"$(inherited)",
					"@executable_path/Frameworks",
				);
				PRODUCT_BUNDLE_IDENTIFIER = dev.pastre.learningjourney.CoreInjector;
				SDKROOT = iphoneos;
				SKIP_INSTALL = YES;
				TARGETED_DEVICE_FAMILY = "1,2";
				VERSIONING_SYSTEM = "apple-generic";
			};
			name = Debug;
		};
		F34FEBAF5C9045345477DFF1 /* Release */ = {
			isa = XCBuildConfiguration;
			buildSettings = {
				CODE_SIGN_IDENTITY = "";
				CURRENT_PROJECT_VERSION = 1;
				DEFINES_MODULE = YES;
				DYLIB_COMPATIBILITY_VERSION = 1;
				DYLIB_CURRENT_VERSION = 1;
				DYLIB_INSTALL_NAME_BASE = "@rpath";
				INFOPLIST_FILE = CoreInjector/Resources/Info.plist;
				INSTALL_PATH = "$(LOCAL_LIBRARY_DIR)/Frameworks";
				LD_RUNPATH_SEARCH_PATHS = (
					"$(inherited)",
					"@executable_path/Frameworks",
				);
				PRODUCT_BUNDLE_IDENTIFIER = dev.pastre.learningjourney.CoreInjector;
				SDKROOT = iphoneos;
				SKIP_INSTALL = YES;
				TARGETED_DEVICE_FAMILY = "1,2";
				VERSIONING_SYSTEM = "apple-generic";
			};
			name = Release;
		};
/* End XCBuildConfiguration section */

/* Begin XCConfigurationList section */
		250D3978D5B1832B484BB7D3 /* Build configuration list for PBXNativeTarget "CoreInjector" */ = {
			isa = XCConfigurationList;
			buildConfigurations = (
				D4E9EC20B6FAFF6A37CB189D /* Debug */,
				F34FEBAF5C9045345477DFF1 /* Release */,
			);
			defaultConfigurationIsVisible = 0;
			defaultConfigurationName = Debug;
		};
		9A55038BF6FC8E080D7CBFDA /* Build configuration list for PBXNativeTarget "CoreInjectorTests" */ = {
			isa = XCConfigurationList;
			buildConfigurations = (
				4BF8524A148A42D6B5D4091C /* Debug */,
				4D86E77323D3BC38876A64AF /* Release */,
			);
			defaultConfigurationIsVisible = 0;
			defaultConfigurationName = Debug;
		};
		E1963FB934EDBA21947A6C4B /* Build configuration list for PBXProject "CoreInjector" */ = {
			isa = XCConfigurationList;
			buildConfigurations = (
				446A94103FB80A73649B7E61 /* Debug */,
				A8FD48ADC652E52113B4D256 /* Release */,
			);
			defaultConfigurationIsVisible = 0;
			defaultConfigurationName = Debug;
		};
		FEE0F42850223872B287FC75 /* Build configuration list for PBXNativeTarget "CoreInjectorSample" */ = {
			isa = XCConfigurationList;
			buildConfigurations = (
				0FEC0D297C60392356BA2D5E /* Debug */,
				AEDF2E890D5734FE38142D9C /* Release */,
			);
			defaultConfigurationIsVisible = 0;
			defaultConfigurationName = Debug;
		};
/* End XCConfigurationList section */
	};
	rootObject = 8032E47577E6283E984B9D9C /* Project object */;
}
