<?xml version="1.0" encoding="UTF-8"?>
<Scheme
   LastUpgradeVersion = "1200"
   version = "1.3">
   <BuildAction
      parallelizeBuildables = "YES"
      buildImplicitDependencies = "YES">
      <BuildActionEntries>
         <BuildActionEntry
            buildForTesting = "YES"
            buildForRunning = "YES"
            buildForProfiling = "YES"
            buildForArchiving = "YES"
            buildForAnalyzing = "YES">
            <BuildableReference
               BuildableIdentifier = "primary"
               BlueprintIdentifier = "857C757B548F562BDD40231A"
               BuildableName = "LearningJourney.app"
               BlueprintName = "LearningJourney"
               ReferencedContainer = "container:LearningJourney.xcodeproj">
            </BuildableReference>
         </BuildActionEntry>
      </BuildActionEntries>
   </BuildAction>
   <TestAction
      buildConfiguration = "Debug"
      selectedDebuggerIdentifier = "Xcode.DebuggerFoundation.Debugger.LLDB"
      selectedLauncherIdentifier = "Xcode.DebuggerFoundation.Launcher.LLDB"
      codeCoverageEnabled = "YES"
      onlyGenerateCoverageForSpecifiedTargets = "YES"
      shouldUseLaunchSchemeArgsEnv = "YES">
      <Testables>
         <TestableReference
            skipped = "NO"
            parallelizable = "YES"
            testExecutionOrdering = "random">
            <BuildableReference
               BuildableIdentifier = "primary"
               BlueprintIdentifier = "6718223CC608ECA8393DEA9F"
               BuildableName = "LearningJourneyTests.xctest"
               BlueprintName = "LearningJourneyTests"
               ReferencedContainer = "container:LearningJourney.xcodeproj">
            </BuildableReference>
         </TestableReference>
         <TestableReference
            skipped = "NO"
            parallelizable = "YES"
            testExecutionOrdering = "random">
            <BuildableReference
               BuildableIdentifier = "primary"
               BlueprintIdentifier = "49FDCDD7A93CF720C8226960"
               BuildableName = "CoreAdaptersTests.xctest"
               BlueprintName = "CoreAdaptersTests"
               ReferencedContainer = "container:../Modules/Core/CoreAdapters/CoreAdapters.xcodeproj">
            </BuildableReference>
         </TestableReference>
         <TestableReference
            skipped = "NO"
            parallelizable = "YES"
            testExecutionOrdering = "random">
            <BuildableReference
               BuildableIdentifier = "primary"
               BlueprintIdentifier = "293E6A4A10F4204C22EB15F7"
               BuildableName = "CoreAuthenticationTests.xctest"
               BlueprintName = "CoreAuthenticationTests"
               ReferencedContainer = "container:../Modules/Core/CoreAuthentication/CoreAuthentication.xcodeproj">
            </BuildableReference>
         </TestableReference>
         <TestableReference
            skipped = "NO"
            parallelizable = "YES"
            testExecutionOrdering = "random">
            <BuildableReference
               BuildableIdentifier = "primary"
               BlueprintIdentifier = "B60A601955714848CD5F222D"
               BuildableName = "CoreEnvironmentTests.xctest"
               BlueprintName = "CoreEnvironmentTests"
               ReferencedContainer = "container:../Modules/Core/CoreEnvironment/CoreEnvironment.xcodeproj">
            </BuildableReference>
         </TestableReference>
         <TestableReference
            skipped = "NO"
            parallelizable = "YES"
            testExecutionOrdering = "random">
            <BuildableReference
               BuildableIdentifier = "primary"
               BlueprintIdentifier = "1B5079EE92E29563FFCA929E"
               BuildableName = "CoreInjectorTests.xctest"
               BlueprintName = "CoreInjectorTests"
               ReferencedContainer = "container:../Modules/Core/CoreInjector/CoreInjector.xcodeproj">
            </BuildableReference>
         </TestableReference>
         <TestableReference
            skipped = "NO"
            parallelizable = "YES"
            testExecutionOrdering = "random">
            <BuildableReference
               BuildableIdentifier = "primary"
               BlueprintIdentifier = "0BEED061D5B6726FBC8452A2"
               BuildableName = "CoreNetworkingTests.xctest"
               BlueprintName = "CoreNetworkingTests"
               ReferencedContainer = "container:../Modules/Core/CoreNetworking/CoreNetworking.xcodeproj">
            </BuildableReference>
         </TestableReference>
         <TestableReference
            skipped = "NO"
            parallelizable = "YES"
            testExecutionOrdering = "random">
            <BuildableReference
               BuildableIdentifier = "primary"
               BlueprintIdentifier = "F5B409AA710E5F5513429B5E"
               BuildableName = "UITests.xctest"
               BlueprintName = "UITests"
               ReferencedContainer = "container:../Modules/Core/UI/UI.xcodeproj">
            </BuildableReference>
         </TestableReference>
         <TestableReference
            skipped = "NO"
            parallelizable = "YES"
            testExecutionOrdering = "random">
            <BuildableReference
               BuildableIdentifier = "primary"
               BlueprintIdentifier = "A069472AFF5A87A0CB4E5624"
               BuildableName = "JAuthenticationTests.xctest"
               BlueprintName = "JAuthenticationTests"
               ReferencedContainer = "container:../Modules/Features/JAuthentication/JAuthentication.xcodeproj">
            </BuildableReference>
         </TestableReference>
         <TestableReference
            skipped = "NO"
            parallelizable = "YES"
            testExecutionOrdering = "random">
            <BuildableReference
               BuildableIdentifier = "primary"
               BlueprintIdentifier = "ABE5F731D6AD14FFB84B39F0"
               BuildableName = "JLibraryTests.xctest"
               BlueprintName = "JLibraryTests"
               ReferencedContainer = "container:../Modules/Features/JLibrary/JLibrary.xcodeproj">
            </BuildableReference>
         </TestableReference>
      </Testables>
      <MacroExpansion>
         <BuildableReference
            BuildableIdentifier = "primary"
            BlueprintIdentifier = "857C757B548F562BDD40231A"
            BuildableName = "LearningJourney.app"
            BlueprintName = "LearningJourney"
            ReferencedContainer = "container:LearningJourney.xcodeproj">
         </BuildableReference>
      </MacroExpansion>
      <CommandLineArguments>
      </CommandLineArguments>
      <CodeCoverageTargets>
         <BuildableReference
            BuildableIdentifier = "primary"
            BlueprintIdentifier = "857C757B548F562BDD40231A"
            BuildableName = "LearningJourney.app"
            BlueprintName = "LearningJourney"
            ReferencedContainer = "container:LearningJourney.xcodeproj">
         </BuildableReference>
         <BuildableReference
            BuildableIdentifier = "primary"
            BlueprintIdentifier = "DB1C072B9677DA77590CC1FD"
            BuildableName = "CoreAdapters.framework"
            BlueprintName = "CoreAdapters"
            ReferencedContainer = "container:../Modules/Core/CoreAdapters/CoreAdapters.xcodeproj">
         </BuildableReference>
         <BuildableReference
            BuildableIdentifier = "primary"
            BlueprintIdentifier = "293E6A4A10F4204C22EB15F7"
            BuildableName = "CoreAuthenticationTests.xctest"
            BlueprintName = "CoreAuthenticationTests"
            ReferencedContainer = "container:../Modules/Core/CoreAuthentication/CoreAuthentication.xcodeproj">
         </BuildableReference>
         <BuildableReference
            BuildableIdentifier = "primary"
            BlueprintIdentifier = "B60A601955714848CD5F222D"
            BuildableName = "CoreEnvironmentTests.xctest"
            BlueprintName = "CoreEnvironmentTests"
            ReferencedContainer = "container:../Modules/Core/CoreEnvironment/CoreEnvironment.xcodeproj">
         </BuildableReference>
         <BuildableReference
            BuildableIdentifier = "primary"
            BlueprintIdentifier = "1B5079EE92E29563FFCA929E"
            BuildableName = "CoreInjectorTests.xctest"
            BlueprintName = "CoreInjectorTests"
            ReferencedContainer = "container:../Modules/Core/CoreInjector/CoreInjector.xcodeproj">
         </BuildableReference>
         <BuildableReference
            BuildableIdentifier = "primary"
            BlueprintIdentifier = "0BEED061D5B6726FBC8452A2"
            BuildableName = "CoreNetworkingTests.xctest"
            BlueprintName = "CoreNetworkingTests"
            ReferencedContainer = "container:../Modules/Core/CoreNetworking/CoreNetworking.xcodeproj">
         </BuildableReference>
         <BuildableReference
            BuildableIdentifier = "primary"
            BlueprintIdentifier = "F5B409AA710E5F5513429B5E"
            BuildableName = "UITests.xctest"
            BlueprintName = "UITests"
            ReferencedContainer = "container:../Modules/Core/UI/UI.xcodeproj">
         </BuildableReference>
         <BuildableReference
            BuildableIdentifier = "primary"
            BlueprintIdentifier = "A069472AFF5A87A0CB4E5624"
            BuildableName = "JAuthenticationTests.xctest"
            BlueprintName = "JAuthenticationTests"
            ReferencedContainer = "container:../Modules/Features/JAuthentication/JAuthentication.xcodeproj">
         </BuildableReference>
         <BuildableReference
            BuildableIdentifier = "primary"
            BlueprintIdentifier = "ABE5F731D6AD14FFB84B39F0"
            BuildableName = "JLibraryTests.xctest"
            BlueprintName = "JLibraryTests"
            ReferencedContainer = "container:../Modules/Features/JLibrary/JLibrary.xcodeproj">
         </BuildableReference>
      </CodeCoverageTargets>
   </TestAction>
   <LaunchAction
      buildConfiguration = "Debug"
      selectedDebuggerIdentifier = "Xcode.DebuggerFoundation.Debugger.LLDB"
      selectedLauncherIdentifier = "Xcode.DebuggerFoundation.Launcher.LLDB"
      launchStyle = "0"
      useCustomWorkingDirectory = "NO"
      ignoresPersistentStateOnLaunch = "NO"
      debugDocumentVersioning = "YES"
      debugServiceExtension = "internal"
      allowLocationSimulation = "YES">
      <BuildableProductRunnable
         runnableDebuggingMode = "0">
         <BuildableReference
            BuildableIdentifier = "primary"
            BlueprintIdentifier = "857C757B548F562BDD40231A"
            BuildableName = "LearningJourney.app"
            BlueprintName = "LearningJourney"
            ReferencedContainer = "container:LearningJourney.xcodeproj">
         </BuildableReference>
      </BuildableProductRunnable>
      <CommandLineArguments>
      </CommandLineArguments>
   </LaunchAction>
   <ProfileAction
      buildConfiguration = "Debug"
      shouldUseLaunchSchemeArgsEnv = "YES"
      savedToolIdentifier = ""
      useCustomWorkingDirectory = "NO"
      debugDocumentVersioning = "YES">
      <BuildableProductRunnable
         runnableDebuggingMode = "0">
         <BuildableReference
            BuildableIdentifier = "primary"
            BlueprintIdentifier = "857C757B548F562BDD40231A"
            BuildableName = "LearningJourney.app"
            BlueprintName = "LearningJourney"
            ReferencedContainer = "container:LearningJourney.xcodeproj">
         </BuildableReference>
      </BuildableProductRunnable>
      <CommandLineArguments>
      </CommandLineArguments>
   </ProfileAction>
   <AnalyzeAction
      buildConfiguration = "Debug">
   </AnalyzeAction>
   <ArchiveAction
      buildConfiguration = "Debug"
      revealArchiveInOrganizer = "YES">
   </ArchiveAction>
</Scheme>
